{
  "version": 4,
  "terraform_version": "1.4.2",
  "serial": 640,
  "lineage": "81e92041-dc1e-ac13-a863-dfa886ef7cad",
  "outputs": {},
  "resources": [
    {
      "mode": "managed",
      "type": "aws_s3_bucket",
      "name": "test2-jazeee-com",
      "provider": "provider[\"registry.terraform.io/hashicorp/aws\"]",
      "instances": [
        {
          "schema_version": 0,
          "attributes": {
            "acceleration_status": "",
            "acl": "public-read",
            "arn": "arn:aws:s3:::test2.jazeee.com",
            "bucket": "test2.jazeee.com",
            "bucket_domain_name": "test2.jazeee.com.s3.amazonaws.com",
            "bucket_prefix": null,
            "bucket_regional_domain_name": "test2.jazeee.com.s3.amazonaws.com",
            "cors_rule": [],
            "force_destroy": false,
            "grant": [
              {
                "id": "",
                "permissions": [
                  "READ"
                ],
                "type": "Group",
                "uri": "http://acs.amazonaws.com/groups/global/AllUsers"
              },
              {
                "id": "b66e35153243323e07cde8e2443b80bc17285f3519d348c0b0e95a05d130debd",
                "permissions": [
                  "FULL_CONTROL"
                ],
                "type": "CanonicalUser",
                "uri": ""
              }
            ],
            "hosted_zone_id": "Z3AQBSTGFYJSTF",
            "id": "test2.jazeee.com",
            "lifecycle_rule": [],
            "logging": [],
            "object_lock_configuration": [],
            "object_lock_enabled": false,
            "policy": "{\"Statement\":[{\"Action\":\"s3:GetObject\",\"Effect\":\"Allow\",\"Principal\":\"*\",\"Resource\":\"arn:aws:s3:::test2.jazeee.com/*\",\"Sid\":\"PublicReadGetObject\"}],\"Version\":\"2012-10-17\"}",
            "region": "us-east-1",
            "replication_configuration": [],
            "request_payer": "BucketOwner",
            "server_side_encryption_configuration": [
              {
                "rule": [
                  {
                    "apply_server_side_encryption_by_default": [
                      {
                        "kms_master_key_id": "",
                        "sse_algorithm": "AES256"
                      }
                    ],
                    "bucket_key_enabled": false
                  }
                ]
              }
            ],
            "tags": {},
            "tags_all": {},
            "timeouts": null,
            "versioning": [
              {
                "enabled": false,
                "mfa_delete": false
              }
            ],
            "website": [
              {
                "error_document": "error.html",
                "index_document": "index.html",
                "redirect_all_requests_to": "",
                "routing_rules": ""
              }
            ],
            "website_domain": "s3-website-us-east-1.amazonaws.com",
            "website_endpoint": "test2.jazeee.com.s3-website-us-east-1.amazonaws.com"
          },
          "sensitive_attributes": [],
          "private": "eyJlMmJmYjczMC1lY2FhLTExZTYtOGY4OC0zNDM2M2JjN2M0YzAiOnsiY3JlYXRlIjoxMjAwMDAwMDAwMDAwLCJkZWxldGUiOjM2MDAwMDAwMDAwMDAsInJlYWQiOjEyMDAwMDAwMDAwMDAsInVwZGF0ZSI6MTIwMDAwMDAwMDAwMH19"
        }
      ]
    },
    {
      "mode": "managed",
      "type": "aws_s3_object",
      "name": "test2-jazeee-com",
      "provider": "provider[\"registry.terraform.io/hashicorp/aws\"]",
      "instances": [
        {
          "index_key": "asset-manifest.json",
          "schema_version": 0,
          "attributes": {
            "acl": "private",
            "bucket": "test2.jazeee.com",
            "bucket_key_enabled": false,
            "cache_control": "",
            "content": null,
            "content_base64": null,
            "content_disposition": "",
            "content_encoding": "",
            "content_language": "",
            "content_type": "application/json",
            "etag": "8255d41d6be37b72ff8cf899a36b7fe4",
            "force_destroy": false,
            "id": "asset-manifest.json",
            "key": "asset-manifest.json",
            "kms_key_id": null,
            "metadata": {},
            "object_lock_legal_hold_status": "",
            "object_lock_mode": "",
            "object_lock_retain_until_date": "",
            "server_side_encryption": "AES256",
            "source": "../build/asset-manifest.json",
            "source_hash": null,
            "storage_class": "STANDARD",
            "tags": {},
            "tags_all": {},
            "version_id": "",
            "website_redirect": ""
          },
          "sensitive_attributes": [],
          "private": "bnVsbA=="
        },
        {
          "index_key": "favicon.png",
          "schema_version": 0,
          "attributes": {
            "acl": "private",
            "bucket": "test2.jazeee.com",
            "bucket_key_enabled": false,
            "cache_control": "",
            "content": null,
            "content_base64": null,
            "content_disposition": "",
            "content_encoding": "",
            "content_language": "",
            "content_type": "image/png",
            "etag": "5656f8cfe78c1aa393cb40b1f73b1b5d",
            "force_destroy": false,
            "id": "favicon.png",
            "key": "favicon.png",
            "kms_key_id": null,
            "metadata": {},
            "object_lock_legal_hold_status": "",
            "object_lock_mode": "",
            "object_lock_retain_until_date": "",
            "server_side_encryption": "AES256",
            "source": "../build/favicon.png",
            "source_hash": null,
            "storage_class": "STANDARD",
            "tags": {},
            "tags_all": {},
            "version_id": "",
            "website_redirect": ""
          },
          "sensitive_attributes": [],
          "private": "bnVsbA=="
        },
        {
          "index_key": "index.html",
          "schema_version": 0,
          "attributes": {
            "acl": "private",
            "bucket": "test2.jazeee.com",
            "bucket_key_enabled": false,
            "cache_control": "",
            "content": null,
            "content_base64": null,
            "content_disposition": "",
            "content_encoding": "",
            "content_language": "",
            "content_type": "text/html",
            "etag": "c6080ef7fd2057a9a7128189df4c42fd",
            "force_destroy": false,
            "id": "index.html",
            "key": "index.html",
            "kms_key_id": null,
            "metadata": {},
            "object_lock_legal_hold_status": "",
            "object_lock_mode": "",
            "object_lock_retain_until_date": "",
            "server_side_encryption": "AES256",
            "source": "../build/index.html",
            "source_hash": null,
            "storage_class": "STANDARD",
            "tags": {},
            "tags_all": {},
            "version_id": "",
            "website_redirect": ""
          },
          "sensitive_attributes": [],
          "private": "bnVsbA=="
        },
        {
          "index_key": "logo192.png",
          "schema_version": 0,
          "attributes": {
            "acl": "private",
            "bucket": "test2.jazeee.com",
            "bucket_key_enabled": false,
            "cache_control": "",
            "content": null,
            "content_base64": null,
            "content_disposition": "",
            "content_encoding": "",
            "content_language": "",
            "content_type": "image/png",
            "etag": "bd46eaf1de7410e4d59f7d3fec05ca4c",
            "force_destroy": false,
            "id": "logo192.png",
            "key": "logo192.png",
            "kms_key_id": null,
            "metadata": {},
            "object_lock_legal_hold_status": "",
            "object_lock_mode": "",
            "object_lock_retain_until_date": "",
            "server_side_encryption": "AES256",
            "source": "../build/logo192.png",
            "source_hash": null,
            "storage_class": "STANDARD",
            "tags": {},
            "tags_all": {},
            "version_id": "",
            "website_redirect": ""
          },
          "sensitive_attributes": [],
          "private": "bnVsbA=="
        },
        {
          "index_key": "logo512.png",
          "schema_version": 0,
          "attributes": {
            "acl": "private",
            "bucket": "test2.jazeee.com",
            "bucket_key_enabled": false,
            "cache_control": "",
            "content": null,
            "content_base64": null,
            "content_disposition": "",
            "content_encoding": "",
            "content_language": "",
            "content_type": "image/png",
            "etag": "76e305a606c095d38108fc92213a652a",
            "force_destroy": false,
            "id": "logo512.png",
            "key": "logo512.png",
            "kms_key_id": null,
            "metadata": {},
            "object_lock_legal_hold_status": "",
            "object_lock_mode": "",
            "object_lock_retain_until_date": "",
            "server_side_encryption": "AES256",
            "source": "../build/logo512.png",
            "source_hash": null,
            "storage_class": "STANDARD",
            "tags": {},
            "tags_all": {},
            "version_id": "",
            "website_redirect": ""
          },
          "sensitive_attributes": [],
          "private": "bnVsbA=="
        },
        {
          "index_key": "manifest.json",
          "schema_version": 0,
          "attributes": {
            "acl": "private",
            "bucket": "test2.jazeee.com",
            "bucket_key_enabled": false,
            "cache_control": "",
            "content": null,
            "content_base64": null,
            "content_disposition": "",
            "content_encoding": "",
            "content_language": "",
            "content_type": "application/json",
            "etag": "744aabd6e61ed0d39de53de5d15631ab",
            "force_destroy": false,
            "id": "manifest.json",
            "key": "manifest.json",
            "kms_key_id": null,
            "metadata": {},
            "object_lock_legal_hold_status": "",
            "object_lock_mode": "",
            "object_lock_retain_until_date": "",
            "server_side_encryption": "AES256",
            "source": "../build/manifest.json",
            "source_hash": null,
            "storage_class": "STANDARD",
            "tags": {},
            "tags_all": {},
            "version_id": "",
            "website_redirect": ""
          },
          "sensitive_attributes": [],
          "private": "bnVsbA=="
        },
        {
          "index_key": "robots.txt",
          "schema_version": 0,
          "attributes": {
            "acl": "private",
            "bucket": "test2.jazeee.com",
            "bucket_key_enabled": false,
            "cache_control": "",
            "content": null,
            "content_base64": null,
            "content_disposition": "",
            "content_encoding": "",
            "content_language": "",
            "content_type": "text/plain",
            "etag": "1450a28684d9b8652ee3baf06d6e3463",
            "force_destroy": false,
            "id": "robots.txt",
            "key": "robots.txt",
            "kms_key_id": null,
            "metadata": {},
            "object_lock_legal_hold_status": "",
            "object_lock_mode": "",
            "object_lock_retain_until_date": "",
            "server_side_encryption": "AES256",
            "source": "../build/robots.txt",
            "source_hash": null,
            "storage_class": "STANDARD",
            "tags": {},
            "tags_all": {},
            "version_id": "",
            "website_redirect": ""
          },
          "sensitive_attributes": [],
          "private": "bnVsbA=="
        },
        {
          "index_key": "sitemap.txt",
          "schema_version": 0,
          "attributes": {
            "acl": "private",
            "bucket": "test2.jazeee.com",
            "bucket_key_enabled": false,
            "cache_control": "",
            "content": null,
            "content_base64": null,
            "content_disposition": "",
            "content_encoding": "",
            "content_language": "",
            "content_type": "text/plain",
            "etag": "75a24dea08c4f3a4e99d971798e5f503",
            "force_destroy": false,
            "id": "sitemap.txt",
            "key": "sitemap.txt",
            "kms_key_id": null,
            "metadata": {},
            "object_lock_legal_hold_status": "",
            "object_lock_mode": "",
            "object_lock_retain_until_date": "",
            "server_side_encryption": "AES256",
            "source": "../build/sitemap.txt",
            "source_hash": null,
            "storage_class": "STANDARD",
            "tags": {},
            "tags_all": {},
            "version_id": "",
            "website_redirect": ""
          },
          "sensitive_attributes": [],
          "private": "bnVsbA=="
        },
        {
          "index_key": "static/css/409.264f6920.chunk.css",
          "schema_version": 0,
          "attributes": {
            "acl": "private",
            "bucket": "test2.jazeee.com",
            "bucket_key_enabled": false,
            "cache_control": "",
            "content": null,
            "content_base64": null,
            "content_disposition": "",
            "content_encoding": "",
            "content_language": "",
            "content_type": "text/css",
            "etag": "6c69935d84271de1f89a12d265be0298",
            "force_destroy": false,
            "id": "static/css/409.264f6920.chunk.css",
            "key": "static/css/409.264f6920.chunk.css",
            "kms_key_id": null,
            "metadata": {},
            "object_lock_legal_hold_status": "",
            "object_lock_mode": "",
            "object_lock_retain_until_date": "",
            "server_side_encryption": "AES256",
            "source": "../build/static/css/409.264f6920.chunk.css",
            "source_hash": null,
            "storage_class": "STANDARD",
            "tags": {},
            "tags_all": {},
            "version_id": "",
            "website_redirect": ""
          },
          "sensitive_attributes": [],
          "private": "bnVsbA=="
        },
        {
          "index_key": "static/css/409.264f6920.chunk.css.map",
          "schema_version": 0,
          "attributes": {
            "acl": "private",
            "bucket": "test2.jazeee.com",
            "bucket_key_enabled": false,
            "cache_control": "",
            "content": null,
            "content_base64": null,
            "content_disposition": "",
            "content_encoding": "",
            "content_language": "",
            "content_type": "text/plain",
            "etag": "ada165dc18c79c311c7bb2219be2ac0d",
            "force_destroy": false,
            "id": "static/css/409.264f6920.chunk.css.map",
            "key": "static/css/409.264f6920.chunk.css.map",
            "kms_key_id": null,
            "metadata": {},
            "object_lock_legal_hold_status": "",
            "object_lock_mode": "",
            "object_lock_retain_until_date": "",
            "server_side_encryption": "AES256",
            "source": "../build/static/css/409.264f6920.chunk.css.map",
            "source_hash": null,
            "storage_class": "STANDARD",
            "tags": {},
            "tags_all": {},
            "version_id": "",
            "website_redirect": ""
          },
          "sensitive_attributes": [],
          "private": "bnVsbA=="
        },
        {
          "index_key": "static/css/main.ec2afee5.css",
          "schema_version": 0,
          "attributes": {
            "acl": "private",
            "bucket": "test2.jazeee.com",
            "bucket_key_enabled": false,
            "cache_control": "",
            "content": null,
            "content_base64": null,
            "content_disposition": "",
            "content_encoding": "",
            "content_language": "",
            "content_type": "text/css",
            "etag": "4dd01795788c38b9628a4f5c29aebc6b",
            "force_destroy": false,
            "id": "static/css/main.ec2afee5.css",
            "key": "static/css/main.ec2afee5.css",
            "kms_key_id": null,
            "metadata": {},
            "object_lock_legal_hold_status": "",
            "object_lock_mode": "",
            "object_lock_retain_until_date": "",
            "server_side_encryption": "AES256",
            "source": "../build/static/css/main.ec2afee5.css",
            "source_hash": null,
            "storage_class": "STANDARD",
            "tags": {},
            "tags_all": {},
            "version_id": "",
            "website_redirect": ""
          },
          "sensitive_attributes": [],
          "private": "bnVsbA=="
        },
        {
          "index_key": "static/css/main.ec2afee5.css.map",
          "schema_version": 0,
          "attributes": {
            "acl": "private",
            "bucket": "test2.jazeee.com",
            "bucket_key_enabled": false,
            "cache_control": "",
            "content": null,
            "content_base64": null,
            "content_disposition": "",
            "content_encoding": "",
            "content_language": "",
            "content_type": "text/plain",
            "etag": "db69e1f21fa6c29c3bb8304c4c25a696",
            "force_destroy": false,
            "id": "static/css/main.ec2afee5.css.map",
            "key": "static/css/main.ec2afee5.css.map",
            "kms_key_id": null,
            "metadata": {},
            "object_lock_legal_hold_status": "",
            "object_lock_mode": "",
            "object_lock_retain_until_date": "",
            "server_side_encryption": "AES256",
            "source": "../build/static/css/main.ec2afee5.css.map",
            "source_hash": null,
            "storage_class": "STANDARD",
            "tags": {},
            "tags_all": {},
            "version_id": "",
            "website_redirect": ""
          },
          "sensitive_attributes": [],
          "private": "bnVsbA=="
        },
        {
          "index_key": "static/images/coffeescript-tips-and-tricks-256px.png",
          "schema_version": 0,
          "attributes": {
            "acl": "private",
            "bucket": "test2.jazeee.com",
            "bucket_key_enabled": false,
            "cache_control": "",
            "content": null,
            "content_base64": null,
            "content_disposition": "",
            "content_encoding": "",
            "content_language": "",
            "content_type": "image/png",
            "etag": "4ea1780b291ec7701c7b9a1aad117cc3",
            "force_destroy": false,
            "id": "static/images/coffeescript-tips-and-tricks-256px.png",
            "key": "static/images/coffeescript-tips-and-tricks-256px.png",
            "kms_key_id": null,
            "metadata": {},
            "object_lock_legal_hold_status": "",
            "object_lock_mode": "",
            "object_lock_retain_until_date": "",
            "server_side_encryption": "AES256",
            "source": "../build/static/images/coffeescript-tips-and-tricks-256px.png",
            "source_hash": null,
            "storage_class": "STANDARD",
            "tags": {},
            "tags_all": {},
            "version_id": "",
            "website_redirect": ""
          },
          "sensitive_attributes": [],
          "private": "bnVsbA=="
        },
        {
          "index_key": "static/images/lightning-talk-256px.png",
          "schema_version": 0,
          "attributes": {
            "acl": "private",
            "bucket": "test2.jazeee.com",
            "bucket_key_enabled": false,
            "cache_control": "",
            "content": null,
            "content_base64": null,
            "content_disposition": "",
            "content_encoding": "",
            "content_language": "",
            "content_type": "image/png",
            "etag": "f3a34b8830a4b4e414b5c21465eae29b",
            "force_destroy": false,
            "id": "static/images/lightning-talk-256px.png",
            "key": "static/images/lightning-talk-256px.png",
            "kms_key_id": null,
            "metadata": {},
            "object_lock_legal_hold_status": "",
            "object_lock_mode": "",
            "object_lock_retain_until_date": "",
            "server_side_encryption": "AES256",
            "source": "../build/static/images/lightning-talk-256px.png",
            "source_hash": null,
            "storage_class": "STANDARD",
            "tags": {},
            "tags_all": {},
            "version_id": "",
            "website_redirect": ""
          },
          "sensitive_attributes": [],
          "private": "bnVsbA=="
        },
        {
          "index_key": "static/images/lightning-talk.png",
          "schema_version": 0,
          "attributes": {
            "acl": "private",
            "bucket": "test2.jazeee.com",
            "bucket_key_enabled": false,
            "cache_control": "",
            "content": null,
            "content_base64": null,
            "content_disposition": "",
            "content_encoding": "",
            "content_language": "",
            "content_type": "image/png",
            "etag": "81ab531499ed8b29df14786d1cd3893f",
            "force_destroy": false,
            "id": "static/images/lightning-talk.png",
            "key": "static/images/lightning-talk.png",
            "kms_key_id": null,
            "metadata": {},
            "object_lock_legal_hold_status": "",
            "object_lock_mode": "",
            "object_lock_retain_until_date": "",
            "server_side_encryption": "AES256",
            "source": "../build/static/images/lightning-talk.png",
            "source_hash": null,
            "storage_class": "STANDARD",
            "tags": {},
            "tags_all": {},
            "version_id": "",
            "website_redirect": ""
          },
          "sensitive_attributes": [],
          "private": "bnVsbA=="
        },
        {
          "index_key": "static/images/madjs-256px.jpeg",
          "schema_version": 0,
          "attributes": {
            "acl": "private",
            "bucket": "test2.jazeee.com",
            "bucket_key_enabled": false,
            "cache_control": "",
            "content": null,
            "content_base64": null,
            "content_disposition": "",
            "content_encoding": "",
            "content_language": "",
            "content_type": "text/plain",
            "etag": "181f6e8eb0faadfa199cf49ddf6a0ee5",
            "force_destroy": false,
            "id": "static/images/madjs-256px.jpeg",
            "key": "static/images/madjs-256px.jpeg",
            "kms_key_id": null,
            "metadata": {},
            "object_lock_legal_hold_status": "",
            "object_lock_mode": "",
            "object_lock_retain_until_date": "",
            "server_side_encryption": "AES256",
            "source": "../build/static/images/madjs-256px.jpeg",
            "source_hash": null,
            "storage_class": "STANDARD",
            "tags": {},
            "tags_all": {},
            "version_id": "",
            "website_redirect": ""
          },
          "sensitive_attributes": [],
          "private": "bnVsbA=="
        },
        {
          "index_key": "static/images/madjs.jpeg",
          "schema_version": 0,
          "attributes": {
            "acl": "private",
            "bucket": "test2.jazeee.com",
            "bucket_key_enabled": false,
            "cache_control": "",
            "content": null,
            "content_base64": null,
            "content_disposition": "",
            "content_encoding": "",
            "content_language": "",
            "content_type": "text/plain",
            "etag": "ecc5b0c9e17a39626d82cdd5b4aacffa",
            "force_destroy": false,
            "id": "static/images/madjs.jpeg",
            "key": "static/images/madjs.jpeg",
            "kms_key_id": null,
            "metadata": {},
            "object_lock_legal_hold_status": "",
            "object_lock_mode": "",
            "object_lock_retain_until_date": "",
            "server_side_encryption": "AES256",
            "source": "../build/static/images/madjs.jpeg",
            "source_hash": null,
            "storage_class": "STANDARD",
            "tags": {},
            "tags_all": {},
            "version_id": "",
            "website_redirect": ""
          },
          "sensitive_attributes": [],
          "private": "bnVsbA=="
        },
        {
          "index_key": "static/images/meteor-256px.png",
          "schema_version": 0,
          "attributes": {
            "acl": "private",
            "bucket": "test2.jazeee.com",
            "bucket_key_enabled": false,
            "cache_control": "",
            "content": null,
            "content_base64": null,
            "content_disposition": "",
            "content_encoding": "",
            "content_language": "",
            "content_type": "image/png",
            "etag": "7546650227ec6c306b68d97c37338ad0",
            "force_destroy": false,
            "id": "static/images/meteor-256px.png",
            "key": "static/images/meteor-256px.png",
            "kms_key_id": null,
            "metadata": {},
            "object_lock_legal_hold_status": "",
            "object_lock_mode": "",
            "object_lock_retain_until_date": "",
            "server_side_encryption": "AES256",
            "source": "../build/static/images/meteor-256px.png",
            "source_hash": null,
            "storage_class": "STANDARD",
            "tags": {},
            "tags_all": {},
            "version_id": "",
            "website_redirect": ""
          },
          "sensitive_attributes": [],
          "private": "bnVsbA=="
        },
        {
          "index_key": "static/images/meteor.png",
          "schema_version": 0,
          "attributes": {
            "acl": "private",
            "bucket": "test2.jazeee.com",
            "bucket_key_enabled": false,
            "cache_control": "",
            "content": null,
            "content_base64": null,
            "content_disposition": "",
            "content_encoding": "",
            "content_language": "",
            "content_type": "image/png",
            "etag": "43bf6cf2e066bbdc650bac7163d1d385",
            "force_destroy": false,
            "id": "static/images/meteor.png",
            "key": "static/images/meteor.png",
            "kms_key_id": null,
            "metadata": {},
            "object_lock_legal_hold_status": "",
            "object_lock_mode": "",
            "object_lock_retain_until_date": "",
            "server_side_encryption": "AES256",
            "source": "../build/static/images/meteor.png",
            "source_hash": null,
            "storage_class": "STANDARD",
            "tags": {},
            "tags_all": {},
            "version_id": "",
            "website_redirect": ""
          },
          "sensitive_attributes": [],
          "private": "bnVsbA=="
        },
        {
          "index_key": "static/images/meteor2-256px.png",
          "schema_version": 0,
          "attributes": {
            "acl": "private",
            "bucket": "test2.jazeee.com",
            "bucket_key_enabled": false,
            "cache_control": "",
            "content": null,
            "content_base64": null,
            "content_disposition": "",
            "content_encoding": "",
            "content_language": "",
            "content_type": "image/png",
            "etag": "91fe345de73e4dfd3499a5aea1716536",
            "force_destroy": false,
            "id": "static/images/meteor2-256px.png",
            "key": "static/images/meteor2-256px.png",
            "kms_key_id": null,
            "metadata": {},
            "object_lock_legal_hold_status": "",
            "object_lock_mode": "",
            "object_lock_retain_until_date": "",
            "server_side_encryption": "AES256",
            "source": "../build/static/images/meteor2-256px.png",
            "source_hash": null,
            "storage_class": "STANDARD",
            "tags": {},
            "tags_all": {},
            "version_id": "",
            "website_redirect": ""
          },
          "sensitive_attributes": [],
          "private": "bnVsbA=="
        },
        {
          "index_key": "static/images/meteor2.png",
          "schema_version": 0,
          "attributes": {
            "acl": "private",
            "bucket": "test2.jazeee.com",
            "bucket_key_enabled": false,
            "cache_control": "",
            "content": null,
            "content_base64": null,
            "content_disposition": "",
            "content_encoding": "",
            "content_language": "",
            "content_type": "image/png",
            "etag": "2be80f14a02286e44e2cdbc5d5d1a072",
            "force_destroy": false,
            "id": "static/images/meteor2.png",
            "key": "static/images/meteor2.png",
            "kms_key_id": null,
            "metadata": {},
            "object_lock_legal_hold_status": "",
            "object_lock_mode": "",
            "object_lock_retain_until_date": "",
            "server_side_encryption": "AES256",
            "source": "../build/static/images/meteor2.png",
            "source_hash": null,
            "storage_class": "STANDARD",
            "tags": {},
            "tags_all": {},
            "version_id": "",
            "website_redirect": ""
          },
          "sensitive_attributes": [],
          "private": "bnVsbA=="
        },
        {
          "index_key": "static/images/scientific-instrument-control-2-256px.png",
          "schema_version": 0,
          "attributes": {
            "acl": "private",
            "bucket": "test2.jazeee.com",
            "bucket_key_enabled": false,
            "cache_control": "",
            "content": null,
            "content_base64": null,
            "content_disposition": "",
            "content_encoding": "",
            "content_language": "",
            "content_type": "image/png",
            "etag": "3378040a8f19ec4c535f80ce247d41f3",
            "force_destroy": false,
            "id": "static/images/scientific-instrument-control-2-256px.png",
            "key": "static/images/scientific-instrument-control-2-256px.png",
            "kms_key_id": null,
            "metadata": {},
            "object_lock_legal_hold_status": "",
            "object_lock_mode": "",
            "object_lock_retain_until_date": "",
            "server_side_encryption": "AES256",
            "source": "../build/static/images/scientific-instrument-control-2-256px.png",
            "source_hash": null,
            "storage_class": "STANDARD",
            "tags": {},
            "tags_all": {},
            "version_id": "",
            "website_redirect": ""
          },
          "sensitive_attributes": [],
          "private": "bnVsbA=="
        },
        {
          "index_key": "static/images/scientific-instrument-control-2.png",
          "schema_version": 0,
          "attributes": {
            "acl": "private",
            "bucket": "test2.jazeee.com",
            "bucket_key_enabled": false,
            "cache_control": "",
            "content": null,
            "content_base64": null,
            "content_disposition": "",
            "content_encoding": "",
            "content_language": "",
            "content_type": "image/png",
            "etag": "307deb6a39ce496290161bfef09680a4",
            "force_destroy": false,
            "id": "static/images/scientific-instrument-control-2.png",
            "key": "static/images/scientific-instrument-control-2.png",
            "kms_key_id": null,
            "metadata": {},
            "object_lock_legal_hold_status": "",
            "object_lock_mode": "",
            "object_lock_retain_until_date": "",
            "server_side_encryption": "AES256",
            "source": "../build/static/images/scientific-instrument-control-2.png",
            "source_hash": null,
            "storage_class": "STANDARD",
            "tags": {},
            "tags_all": {},
            "version_id": "",
            "website_redirect": ""
          },
          "sensitive_attributes": [],
          "private": "bnVsbA=="
        },
        {
          "index_key": "static/images/scientific-instrument-control-256px.png",
          "schema_version": 0,
          "attributes": {
            "acl": "private",
            "bucket": "test2.jazeee.com",
            "bucket_key_enabled": false,
            "cache_control": "",
            "content": null,
            "content_base64": null,
            "content_disposition": "",
            "content_encoding": "",
            "content_language": "",
            "content_type": "image/png",
            "etag": "1e81c77b3aaea2ce75e4889bf6b8d97f",
            "force_destroy": false,
            "id": "static/images/scientific-instrument-control-256px.png",
            "key": "static/images/scientific-instrument-control-256px.png",
            "kms_key_id": null,
            "metadata": {},
            "object_lock_legal_hold_status": "",
            "object_lock_mode": "",
            "object_lock_retain_until_date": "",
            "server_side_encryption": "AES256",
            "source": "../build/static/images/scientific-instrument-control-256px.png",
            "source_hash": null,
            "storage_class": "STANDARD",
            "tags": {},
            "tags_all": {},
            "version_id": "",
            "website_redirect": ""
          },
          "sensitive_attributes": [],
          "private": "bnVsbA=="
        },
        {
          "index_key": "static/images/scientific-instrument-control-and-visualization-2013-256px.png",
          "schema_version": 0,
          "attributes": {
            "acl": "private",
            "bucket": "test2.jazeee.com",
            "bucket_key_enabled": false,
            "cache_control": "",
            "content": null,
            "content_base64": null,
            "content_disposition": "",
            "content_encoding": "",
            "content_language": "",
            "content_type": "image/png",
            "etag": "9881eba95024fc65a6dd3056b3e9e2b4",
            "force_destroy": false,
            "id": "static/images/scientific-instrument-control-and-visualization-2013-256px.png",
            "key": "static/images/scientific-instrument-control-and-visualization-2013-256px.png",
            "kms_key_id": null,
            "metadata": {},
            "object_lock_legal_hold_status": "",
            "object_lock_mode": "",
            "object_lock_retain_until_date": "",
            "server_side_encryption": "AES256",
            "source": "../build/static/images/scientific-instrument-control-and-visualization-2013-256px.png",
            "source_hash": null,
            "storage_class": "STANDARD",
            "tags": {},
            "tags_all": {},
            "version_id": "",
            "website_redirect": ""
          },
          "sensitive_attributes": [],
          "private": "bnVsbA=="
        },
        {
          "index_key": "static/images/scientific-instrument-control-and-visualization-2013.png",
          "schema_version": 0,
          "attributes": {
            "acl": "private",
            "bucket": "test2.jazeee.com",
            "bucket_key_enabled": false,
            "cache_control": "",
            "content": null,
            "content_base64": null,
            "content_disposition": "",
            "content_encoding": "",
            "content_language": "",
            "content_type": "image/png",
            "etag": "ff2816c65dc324d31ca259f673261871",
            "force_destroy": false,
            "id": "static/images/scientific-instrument-control-and-visualization-2013.png",
            "key": "static/images/scientific-instrument-control-and-visualization-2013.png",
            "kms_key_id": null,
            "metadata": {},
            "object_lock_legal_hold_status": "",
            "object_lock_mode": "",
            "object_lock_retain_until_date": "",
            "server_side_encryption": "AES256",
            "source": "../build/static/images/scientific-instrument-control-and-visualization-2013.png",
            "source_hash": null,
            "storage_class": "STANDARD",
            "tags": {},
            "tags_all": {},
            "version_id": "",
            "website_redirect": ""
          },
          "sensitive_attributes": [],
          "private": "bnVsbA=="
        },
        {
          "index_key": "static/images/skillPlotsDarkMode-2024.png",
          "schema_version": 0,
          "attributes": {
            "acl": "private",
            "bucket": "test2.jazeee.com",
            "bucket_key_enabled": false,
            "cache_control": "",
            "content": null,
            "content_base64": null,
            "content_disposition": "",
            "content_encoding": "",
            "content_language": "",
            "content_type": "image/png",
            "etag": "68d8622bdb0ba9c95608520937e53657",
            "force_destroy": false,
            "id": "static/images/skillPlotsDarkMode-2024.png",
            "key": "static/images/skillPlotsDarkMode-2024.png",
            "kms_key_id": null,
            "metadata": {},
            "object_lock_legal_hold_status": "",
            "object_lock_mode": "",
            "object_lock_retain_until_date": "",
            "server_side_encryption": "AES256",
            "source": "../build/static/images/skillPlotsDarkMode-2024.png",
            "source_hash": null,
            "storage_class": "STANDARD",
            "tags": {},
            "tags_all": {},
            "version_id": "",
            "website_redirect": ""
          },
          "sensitive_attributes": [],
          "private": "bnVsbA=="
        },
        {
          "index_key": "static/images/skillPlotsDarkModeMobile-2024.png",
          "schema_version": 0,
          "attributes": {
            "acl": "private",
            "bucket": "test2.jazeee.com",
            "bucket_key_enabled": false,
            "cache_control": "",
            "content": null,
            "content_base64": null,
            "content_disposition": "",
            "content_encoding": "",
            "content_language": "",
            "content_type": "image/png",
            "etag": "448a3c914219dbcac4d881fd5e73227d",
            "force_destroy": false,
            "id": "static/images/skillPlotsDarkModeMobile-2024.png",
            "key": "static/images/skillPlotsDarkModeMobile-2024.png",
            "kms_key_id": null,
            "metadata": {},
            "object_lock_legal_hold_status": "",
            "object_lock_mode": "",
            "object_lock_retain_until_date": "",
            "server_side_encryption": "AES256",
            "source": "../build/static/images/skillPlotsDarkModeMobile-2024.png",
            "source_hash": null,
            "storage_class": "STANDARD",
            "tags": {},
            "tags_all": {},
            "version_id": "",
            "website_redirect": ""
          },
          "sensitive_attributes": [],
          "private": "bnVsbA=="
        },
        {
          "index_key": "static/images/skillPlotsLightMode-2024.png",
          "schema_version": 0,
          "attributes": {
            "acl": "private",
            "bucket": "test2.jazeee.com",
            "bucket_key_enabled": false,
            "cache_control": "",
            "content": null,
            "content_base64": null,
            "content_disposition": "",
            "content_encoding": "",
            "content_language": "",
            "content_type": "image/png",
            "etag": "b973545a93ee49342251d096a72ab3b0",
            "force_destroy": false,
            "id": "static/images/skillPlotsLightMode-2024.png",
            "key": "static/images/skillPlotsLightMode-2024.png",
            "kms_key_id": null,
            "metadata": {},
            "object_lock_legal_hold_status": "",
            "object_lock_mode": "",
            "object_lock_retain_until_date": "",
            "server_side_encryption": "AES256",
            "source": "../build/static/images/skillPlotsLightMode-2024.png",
            "source_hash": null,
            "storage_class": "STANDARD",
            "tags": {},
            "tags_all": {},
            "version_id": "",
            "website_redirect": ""
          },
          "sensitive_attributes": [],
          "private": "bnVsbA=="
        },
        {
          "index_key": "static/images/skillPlotsLightModeMobile-2024.png",
          "schema_version": 0,
          "attributes": {
            "acl": "private",
            "bucket": "test2.jazeee.com",
            "bucket_key_enabled": false,
            "cache_control": "",
            "content": null,
            "content_base64": null,
            "content_disposition": "",
            "content_encoding": "",
            "content_language": "",
            "content_type": "image/png",
            "etag": "255af10075b3169bba1900c0899ced84",
            "force_destroy": false,
            "id": "static/images/skillPlotsLightModeMobile-2024.png",
            "key": "static/images/skillPlotsLightModeMobile-2024.png",
            "kms_key_id": null,
            "metadata": {},
            "object_lock_legal_hold_status": "",
            "object_lock_mode": "",
            "object_lock_retain_until_date": "",
            "server_side_encryption": "AES256",
            "source": "../build/static/images/skillPlotsLightModeMobile-2024.png",
            "source_hash": null,
            "storage_class": "STANDARD",
            "tags": {},
            "tags_all": {},
            "version_id": "",
            "website_redirect": ""
          },
          "sensitive_attributes": [],
          "private": "bnVsbA=="
        },
        {
          "index_key": "static/images/websiteStaticImage.png",
          "schema_version": 0,
          "attributes": {
            "acl": "private",
            "bucket": "test2.jazeee.com",
            "bucket_key_enabled": false,
            "cache_control": "",
            "content": null,
            "content_base64": null,
            "content_disposition": "",
            "content_encoding": "",
            "content_language": "",
            "content_type": "image/png",
            "etag": "2f49f7808d25e8f3a2aafaf2d8f8e5b1",
            "force_destroy": false,
            "id": "static/images/websiteStaticImage.png",
            "key": "static/images/websiteStaticImage.png",
            "kms_key_id": null,
            "metadata": {},
            "object_lock_legal_hold_status": "",
            "object_lock_mode": "",
            "object_lock_retain_until_date": "",
            "server_side_encryption": "AES256",
            "source": "../build/static/images/websiteStaticImage.png",
            "source_hash": null,
            "storage_class": "STANDARD",
            "tags": {},
            "tags_all": {},
            "version_id": "",
            "website_redirect": ""
          },
          "sensitive_attributes": [],
          "private": "bnVsbA=="
        },
        {
          "index_key": "static/js/286.cf11b448.chunk.js",
          "schema_version": 0,
          "attributes": {
            "acl": "private",
            "bucket": "test2.jazeee.com",
            "bucket_key_enabled": false,
            "cache_control": "",
            "content": null,
            "content_base64": null,
            "content_disposition": "",
            "content_encoding": "",
            "content_language": "",
            "content_type": "application/javascript",
            "etag": "31f11558d2a90e2c869eceb7a736cdd3",
            "force_destroy": false,
            "id": "static/js/286.cf11b448.chunk.js",
            "key": "static/js/286.cf11b448.chunk.js",
            "kms_key_id": null,
            "metadata": {},
            "object_lock_legal_hold_status": "",
            "object_lock_mode": "",
            "object_lock_retain_until_date": "",
            "server_side_encryption": "AES256",
            "source": "../build/static/js/286.cf11b448.chunk.js",
            "source_hash": null,
            "storage_class": "STANDARD",
            "tags": {},
            "tags_all": {},
            "version_id": "",
            "website_redirect": ""
          },
          "sensitive_attributes": [],
          "private": "bnVsbA=="
        },
        {
          "index_key": "static/js/286.cf11b448.chunk.js.LICENSE.txt",
          "schema_version": 0,
          "attributes": {
            "acl": "private",
            "bucket": "test2.jazeee.com",
            "bucket_key_enabled": false,
            "cache_control": "",
            "content": null,
            "content_base64": null,
            "content_disposition": "",
            "content_encoding": "",
            "content_language": "",
            "content_type": "text/plain",
            "etag": "1d65bfef5b7d9c1aef5157a6b3a3494a",
            "force_destroy": false,
            "id": "static/js/286.cf11b448.chunk.js.LICENSE.txt",
            "key": "static/js/286.cf11b448.chunk.js.LICENSE.txt",
            "kms_key_id": null,
            "metadata": {},
            "object_lock_legal_hold_status": "",
            "object_lock_mode": "",
            "object_lock_retain_until_date": "",
            "server_side_encryption": "AES256",
            "source": "../build/static/js/286.cf11b448.chunk.js.LICENSE.txt",
            "source_hash": null,
            "storage_class": "STANDARD",
            "tags": {},
            "tags_all": {},
            "version_id": "",
            "website_redirect": ""
          },
          "sensitive_attributes": [],
          "private": "bnVsbA=="
        },
        {
          "index_key": "static/js/286.cf11b448.chunk.js.map",
          "schema_version": 0,
          "attributes": {
            "acl": "private",
            "bucket": "test2.jazeee.com",
            "bucket_key_enabled": false,
            "cache_control": "",
            "content": null,
            "content_base64": null,
            "content_disposition": "",
            "content_encoding": "",
            "content_language": "",
            "content_type": "text/plain",
            "etag": "9105d8c3cc61f2fc1693ef1ec9211b3d",
            "force_destroy": false,
            "id": "static/js/286.cf11b448.chunk.js.map",
            "key": "static/js/286.cf11b448.chunk.js.map",
            "kms_key_id": null,
            "metadata": {},
            "object_lock_legal_hold_status": "",
            "object_lock_mode": "",
            "object_lock_retain_until_date": "",
            "server_side_encryption": "AES256",
            "source": "../build/static/js/286.cf11b448.chunk.js.map",
            "source_hash": null,
            "storage_class": "STANDARD",
            "tags": {},
            "tags_all": {},
            "version_id": "",
            "website_redirect": ""
          },
          "sensitive_attributes": [],
          "private": "bnVsbA=="
        },
        {
          "index_key": "static/js/33.20747df8.chunk.js",
          "schema_version": 0,
          "attributes": {
            "acl": "private",
            "bucket": "test2.jazeee.com",
            "bucket_key_enabled": false,
            "cache_control": "",
            "content": null,
            "content_base64": null,
            "content_disposition": "",
            "content_encoding": "",
            "content_language": "",
            "content_type": "application/javascript",
            "etag": "0f290a5d9cc8d8a0e423ffe603193031",
            "force_destroy": false,
            "id": "static/js/33.20747df8.chunk.js",
            "key": "static/js/33.20747df8.chunk.js",
            "kms_key_id": null,
            "metadata": {},
            "object_lock_legal_hold_status": "",
            "object_lock_mode": "",
            "object_lock_retain_until_date": "",
            "server_side_encryption": "AES256",
            "source": "../build/static/js/33.20747df8.chunk.js",
            "source_hash": null,
            "storage_class": "STANDARD",
            "tags": {},
            "tags_all": {},
            "version_id": "",
            "website_redirect": ""
          },
          "sensitive_attributes": [],
          "private": "bnVsbA=="
        },
        {
          "index_key": "static/js/33.20747df8.chunk.js.map",
          "schema_version": 0,
          "attributes": {
            "acl": "private",
            "bucket": "test2.jazeee.com",
            "bucket_key_enabled": false,
            "cache_control": "",
            "content": null,
            "content_base64": null,
            "content_disposition": "",
            "content_encoding": "",
            "content_language": "",
            "content_type": "text/plain",
            "etag": "477290b0710f5c8281bbdc843bb5bedb",
            "force_destroy": false,
            "id": "static/js/33.20747df8.chunk.js.map",
            "key": "static/js/33.20747df8.chunk.js.map",
            "kms_key_id": null,
            "metadata": {},
            "object_lock_legal_hold_status": "",
            "object_lock_mode": "",
            "object_lock_retain_until_date": "",
            "server_side_encryption": "AES256",
            "source": "../build/static/js/33.20747df8.chunk.js.map",
            "source_hash": null,
            "storage_class": "STANDARD",
            "tags": {},
            "tags_all": {},
            "version_id": "",
            "website_redirect": ""
          },
          "sensitive_attributes": [],
          "private": "bnVsbA=="
        },
        {
          "index_key": "static/js/350.3cf576c0.chunk.js",
          "schema_version": 0,
          "attributes": {
            "acl": "private",
            "bucket": "test2.jazeee.com",
            "bucket_key_enabled": false,
            "cache_control": "",
            "content": null,
            "content_base64": null,
            "content_disposition": "",
            "content_encoding": "",
            "content_language": "",
            "content_type": "application/javascript",
            "etag": "d9764b6b385d855d4511fc3feba5e965",
            "force_destroy": false,
            "id": "static/js/350.3cf576c0.chunk.js",
            "key": "static/js/350.3cf576c0.chunk.js",
            "kms_key_id": null,
            "metadata": {},
            "object_lock_legal_hold_status": "",
            "object_lock_mode": "",
            "object_lock_retain_until_date": "",
            "server_side_encryption": "AES256",
            "source": "../build/static/js/350.3cf576c0.chunk.js",
            "source_hash": null,
            "storage_class": "STANDARD",
            "tags": {},
            "tags_all": {},
            "version_id": "",
            "website_redirect": ""
          },
          "sensitive_attributes": [],
          "private": "bnVsbA=="
        },
        {
          "index_key": "static/js/350.3cf576c0.chunk.js.map",
          "schema_version": 0,
          "attributes": {
            "acl": "private",
            "bucket": "test2.jazeee.com",
            "bucket_key_enabled": false,
            "cache_control": "",
            "content": null,
            "content_base64": null,
            "content_disposition": "",
            "content_encoding": "",
            "content_language": "",
            "content_type": "text/plain",
            "etag": "d04fc1c179e8af3b155dfe492ef0ebdc",
            "force_destroy": false,
            "id": "static/js/350.3cf576c0.chunk.js.map",
            "key": "static/js/350.3cf576c0.chunk.js.map",
            "kms_key_id": null,
            "metadata": {},
            "object_lock_legal_hold_status": "",
            "object_lock_mode": "",
            "object_lock_retain_until_date": "",
            "server_side_encryption": "AES256",
            "source": "../build/static/js/350.3cf576c0.chunk.js.map",
            "source_hash": null,
            "storage_class": "STANDARD",
            "tags": {},
            "tags_all": {},
            "version_id": "",
            "website_redirect": ""
          },
          "sensitive_attributes": [],
          "private": "bnVsbA=="
        },
        {
          "index_key": "static/js/373.6b7a656a.chunk.js",
          "schema_version": 0,
          "attributes": {
            "acl": "private",
            "bucket": "test2.jazeee.com",
            "bucket_key_enabled": false,
            "cache_control": "",
            "content": null,
            "content_base64": null,
            "content_disposition": "",
            "content_encoding": "",
            "content_language": "",
            "content_type": "application/javascript",
            "etag": "38d46d92d7177b5ca41710468d3c6380",
            "force_destroy": false,
            "id": "static/js/373.6b7a656a.chunk.js",
            "key": "static/js/373.6b7a656a.chunk.js",
            "kms_key_id": null,
            "metadata": {},
            "object_lock_legal_hold_status": "",
            "object_lock_mode": "",
            "object_lock_retain_until_date": "",
            "server_side_encryption": "AES256",
            "source": "../build/static/js/373.6b7a656a.chunk.js",
            "source_hash": null,
            "storage_class": "STANDARD",
            "tags": {},
            "tags_all": {},
            "version_id": "",
            "website_redirect": ""
          },
          "sensitive_attributes": [],
          "private": "bnVsbA=="
        },
        {
          "index_key": "static/js/373.6b7a656a.chunk.js.map",
          "schema_version": 0,
          "attributes": {
            "acl": "private",
            "bucket": "test2.jazeee.com",
            "bucket_key_enabled": false,
            "cache_control": "",
            "content": null,
            "content_base64": null,
            "content_disposition": "",
            "content_encoding": "",
            "content_language": "",
            "content_type": "text/plain",
            "etag": "362c8fd2ae30c07b4b08ae785c9e1a6d",
            "force_destroy": false,
            "id": "static/js/373.6b7a656a.chunk.js.map",
            "key": "static/js/373.6b7a656a.chunk.js.map",
            "kms_key_id": null,
            "metadata": {},
            "object_lock_legal_hold_status": "",
            "object_lock_mode": "",
            "object_lock_retain_until_date": "",
            "server_side_encryption": "AES256",
            "source": "../build/static/js/373.6b7a656a.chunk.js.map",
            "source_hash": null,
            "storage_class": "STANDARD",
            "tags": {},
            "tags_all": {},
            "version_id": "",
            "website_redirect": ""
          },
          "sensitive_attributes": [],
          "private": "bnVsbA=="
        },
        {
          "index_key": "static/js/409.8bbb6cf9.chunk.js",
          "schema_version": 0,
          "attributes": {
            "acl": "private",
            "bucket": "test2.jazeee.com",
            "bucket_key_enabled": false,
            "cache_control": "",
            "content": null,
            "content_base64": null,
            "content_disposition": "",
            "content_encoding": "",
            "content_language": "",
            "content_type": "application/javascript",
            "etag": "6dfd64dd894be3e9195170848dac14fb",
            "force_destroy": false,
            "id": "static/js/409.8bbb6cf9.chunk.js",
            "key": "static/js/409.8bbb6cf9.chunk.js",
            "kms_key_id": null,
            "metadata": {},
            "object_lock_legal_hold_status": "",
            "object_lock_mode": "",
            "object_lock_retain_until_date": "",
            "server_side_encryption": "AES256",
            "source": "../build/static/js/409.8bbb6cf9.chunk.js",
            "source_hash": null,
            "storage_class": "STANDARD",
            "tags": {},
            "tags_all": {},
            "version_id": "",
            "website_redirect": ""
          },
          "sensitive_attributes": [],
          "private": "bnVsbA=="
        },
        {
          "index_key": "static/js/409.8bbb6cf9.chunk.js.LICENSE.txt",
          "schema_version": 0,
          "attributes": {
            "acl": "private",
            "bucket": "test2.jazeee.com",
            "bucket_key_enabled": false,
            "cache_control": "",
            "content": null,
            "content_base64": null,
            "content_disposition": "",
            "content_encoding": "",
            "content_language": "",
            "content_type": "text/plain",
            "etag": "ff16a5ee03d8679dd7749f09e63a559a",
            "force_destroy": false,
            "id": "static/js/409.8bbb6cf9.chunk.js.LICENSE.txt",
            "key": "static/js/409.8bbb6cf9.chunk.js.LICENSE.txt",
            "kms_key_id": null,
            "metadata": {},
            "object_lock_legal_hold_status": "",
            "object_lock_mode": "",
            "object_lock_retain_until_date": "",
            "server_side_encryption": "AES256",
            "source": "../build/static/js/409.8bbb6cf9.chunk.js.LICENSE.txt",
            "source_hash": null,
            "storage_class": "STANDARD",
            "tags": {},
            "tags_all": {},
            "version_id": "",
            "website_redirect": ""
          },
          "sensitive_attributes": [],
          "private": "bnVsbA=="
        },
        {
          "index_key": "static/js/409.8bbb6cf9.chunk.js.map",
          "schema_version": 0,
          "attributes": {
            "acl": "private",
            "bucket": "test2.jazeee.com",
            "bucket_key_enabled": false,
            "cache_control": "",
            "content": null,
            "content_base64": null,
            "content_disposition": "",
            "content_encoding": "",
            "content_language": "",
            "content_type": "text/plain",
            "etag": "ddf11e04738dbe4bff654ac0f93481e2",
            "force_destroy": false,
            "id": "static/js/409.8bbb6cf9.chunk.js.map",
            "key": "static/js/409.8bbb6cf9.chunk.js.map",
            "kms_key_id": null,
            "metadata": {},
            "object_lock_legal_hold_status": "",
            "object_lock_mode": "",
            "object_lock_retain_until_date": "",
            "server_side_encryption": "AES256",
            "source": "../build/static/js/409.8bbb6cf9.chunk.js.map",
            "source_hash": null,
            "storage_class": "STANDARD",
            "tags": {},
            "tags_all": {},
            "version_id": "",
            "website_redirect": ""
          },
          "sensitive_attributes": [],
          "private": "bnVsbA=="
        },
        {
          "index_key": "static/js/494.464f0769.chunk.js",
          "schema_version": 0,
          "attributes": {
            "acl": "private",
            "bucket": "test2.jazeee.com",
            "bucket_key_enabled": false,
            "cache_control": "",
            "content": null,
            "content_base64": null,
            "content_disposition": "",
            "content_encoding": "",
            "content_language": "",
            "content_type": "application/javascript",
            "etag": "e14a96d0fb0693029bc5da6b5641b209",
            "force_destroy": false,
            "id": "static/js/494.464f0769.chunk.js",
            "key": "static/js/494.464f0769.chunk.js",
            "kms_key_id": null,
            "metadata": {},
            "object_lock_legal_hold_status": "",
            "object_lock_mode": "",
            "object_lock_retain_until_date": "",
            "server_side_encryption": "AES256",
            "source": "../build/static/js/494.464f0769.chunk.js",
            "source_hash": null,
            "storage_class": "STANDARD",
            "tags": {},
            "tags_all": {},
            "version_id": "",
            "website_redirect": ""
          },
          "sensitive_attributes": [],
          "private": "bnVsbA=="
        },
        {
          "index_key": "static/js/494.464f0769.chunk.js.map",
          "schema_version": 0,
          "attributes": {
            "acl": "private",
            "bucket": "test2.jazeee.com",
            "bucket_key_enabled": false,
            "cache_control": "",
            "content": null,
            "content_base64": null,
            "content_disposition": "",
            "content_encoding": "",
            "content_language": "",
            "content_type": "text/plain",
            "etag": "6dc90edf02393d9cfa51854d35bc4764",
            "force_destroy": false,
            "id": "static/js/494.464f0769.chunk.js.map",
            "key": "static/js/494.464f0769.chunk.js.map",
            "kms_key_id": null,
            "metadata": {},
            "object_lock_legal_hold_status": "",
            "object_lock_mode": "",
            "object_lock_retain_until_date": "",
            "server_side_encryption": "AES256",
            "source": "../build/static/js/494.464f0769.chunk.js.map",
            "source_hash": null,
            "storage_class": "STANDARD",
            "tags": {},
            "tags_all": {},
            "version_id": "",
            "website_redirect": ""
          },
          "sensitive_attributes": [],
          "private": "bnVsbA=="
        },
        {
          "index_key": "static/js/610.eb46b2d9.chunk.js",
          "schema_version": 0,
          "attributes": {
            "acl": "private",
            "bucket": "test2.jazeee.com",
            "bucket_key_enabled": false,
            "cache_control": "",
            "content": null,
            "content_base64": null,
            "content_disposition": "",
            "content_encoding": "",
            "content_language": "",
            "content_type": "application/javascript",
            "etag": "95349e9760316329bdb04ffdfc6ec3e0",
            "force_destroy": false,
            "id": "static/js/610.eb46b2d9.chunk.js",
            "key": "static/js/610.eb46b2d9.chunk.js",
            "kms_key_id": null,
            "metadata": {},
            "object_lock_legal_hold_status": "",
            "object_lock_mode": "",
            "object_lock_retain_until_date": "",
            "server_side_encryption": "AES256",
            "source": "../build/static/js/610.eb46b2d9.chunk.js",
            "source_hash": null,
            "storage_class": "STANDARD",
            "tags": {},
            "tags_all": {},
            "version_id": "",
            "website_redirect": ""
          },
          "sensitive_attributes": [],
          "private": "bnVsbA=="
        },
        {
          "index_key": "static/js/610.eb46b2d9.chunk.js.map",
          "schema_version": 0,
          "attributes": {
            "acl": "private",
            "bucket": "test2.jazeee.com",
            "bucket_key_enabled": false,
            "cache_control": "",
            "content": null,
            "content_base64": null,
            "content_disposition": "",
            "content_encoding": "",
            "content_language": "",
            "content_type": "text/plain",
            "etag": "d26b502d09582ec64b806fde1da41407",
            "force_destroy": false,
            "id": "static/js/610.eb46b2d9.chunk.js.map",
            "key": "static/js/610.eb46b2d9.chunk.js.map",
            "kms_key_id": null,
            "metadata": {},
            "object_lock_legal_hold_status": "",
            "object_lock_mode": "",
            "object_lock_retain_until_date": "",
            "server_side_encryption": "AES256",
            "source": "../build/static/js/610.eb46b2d9.chunk.js.map",
            "source_hash": null,
            "storage_class": "STANDARD",
            "tags": {},
            "tags_all": {},
            "version_id": "",
            "website_redirect": ""
          },
          "sensitive_attributes": [],
          "private": "bnVsbA=="
        },
        {
          "index_key": "static/js/681.84b639cf.chunk.js",
          "schema_version": 0,
          "attributes": {
            "acl": "private",
            "bucket": "test2.jazeee.com",
            "bucket_key_enabled": false,
            "cache_control": "",
            "content": null,
            "content_base64": null,
            "content_disposition": "",
            "content_encoding": "",
            "content_language": "",
            "content_type": "application/javascript",
            "etag": "2db4552c8d7798b68a812e1f10ea221d",
            "force_destroy": false,
            "id": "static/js/681.84b639cf.chunk.js",
            "key": "static/js/681.84b639cf.chunk.js",
            "kms_key_id": null,
            "metadata": {},
            "object_lock_legal_hold_status": "",
            "object_lock_mode": "",
            "object_lock_retain_until_date": "",
            "server_side_encryption": "AES256",
            "source": "../build/static/js/681.84b639cf.chunk.js",
            "source_hash": null,
            "storage_class": "STANDARD",
            "tags": {},
            "tags_all": {},
            "version_id": "",
            "website_redirect": ""
          },
          "sensitive_attributes": [],
          "private": "bnVsbA=="
        },
        {
          "index_key": "static/js/681.84b639cf.chunk.js.LICENSE.txt",
          "schema_version": 0,
          "attributes": {
            "acl": "private",
            "bucket": "test2.jazeee.com",
            "bucket_key_enabled": false,
            "cache_control": "",
            "content": null,
            "content_base64": null,
            "content_disposition": "",
            "content_encoding": "",
            "content_language": "",
            "content_type": "text/plain",
            "etag": "275fe79abee3b697f1673c8bd9c58856",
            "force_destroy": false,
            "id": "static/js/681.84b639cf.chunk.js.LICENSE.txt",
            "key": "static/js/681.84b639cf.chunk.js.LICENSE.txt",
            "kms_key_id": null,
            "metadata": {},
            "object_lock_legal_hold_status": "",
            "object_lock_mode": "",
            "object_lock_retain_until_date": "",
            "server_side_encryption": "AES256",
            "source": "../build/static/js/681.84b639cf.chunk.js.LICENSE.txt",
            "source_hash": null,
            "storage_class": "STANDARD",
            "tags": {},
            "tags_all": {},
            "version_id": "",
            "website_redirect": ""
          },
          "sensitive_attributes": [],
          "private": "bnVsbA=="
        },
        {
          "index_key": "static/js/681.84b639cf.chunk.js.map",
          "schema_version": 0,
          "attributes": {
            "acl": "private",
            "bucket": "test2.jazeee.com",
            "bucket_key_enabled": false,
            "cache_control": "",
            "content": null,
            "content_base64": null,
            "content_disposition": "",
            "content_encoding": "",
            "content_language": "",
            "content_type": "text/plain",
            "etag": "ac90571aab24233f8ead54fb381d45ad",
            "force_destroy": false,
            "id": "static/js/681.84b639cf.chunk.js.map",
            "key": "static/js/681.84b639cf.chunk.js.map",
            "kms_key_id": null,
            "metadata": {},
            "object_lock_legal_hold_status": "",
            "object_lock_mode": "",
            "object_lock_retain_until_date": "",
            "server_side_encryption": "AES256",
            "source": "../build/static/js/681.84b639cf.chunk.js.map",
            "source_hash": null,
            "storage_class": "STANDARD",
            "tags": {},
            "tags_all": {},
            "version_id": "",
            "website_redirect": ""
          },
          "sensitive_attributes": [],
          "private": "bnVsbA=="
        },
        {
          "index_key": "static/js/712.fb81789c.chunk.js",
          "schema_version": 0,
          "attributes": {
            "acl": "private",
            "bucket": "test2.jazeee.com",
            "bucket_key_enabled": false,
            "cache_control": "",
            "content": null,
            "content_base64": null,
            "content_disposition": "",
            "content_encoding": "",
            "content_language": "",
            "content_type": "application/javascript",
            "etag": "4342598c28143596b3ccaad7fbb4b3f8",
            "force_destroy": false,
            "id": "static/js/712.fb81789c.chunk.js",
            "key": "static/js/712.fb81789c.chunk.js",
            "kms_key_id": null,
            "metadata": {},
            "object_lock_legal_hold_status": "",
            "object_lock_mode": "",
            "object_lock_retain_until_date": "",
            "server_side_encryption": "AES256",
            "source": "../build/static/js/712.fb81789c.chunk.js",
            "source_hash": null,
            "storage_class": "STANDARD",
            "tags": {},
            "tags_all": {},
            "version_id": "",
            "website_redirect": ""
          },
          "sensitive_attributes": [],
          "private": "bnVsbA=="
        },
        {
          "index_key": "static/js/712.fb81789c.chunk.js.map",
          "schema_version": 0,
          "attributes": {
            "acl": "private",
            "bucket": "test2.jazeee.com",
            "bucket_key_enabled": false,
            "cache_control": "",
            "content": null,
            "content_base64": null,
            "content_disposition": "",
            "content_encoding": "",
            "content_language": "",
            "content_type": "text/plain",
            "etag": "75620e5713649b87a70bb7437057ae51",
            "force_destroy": false,
            "id": "static/js/712.fb81789c.chunk.js.map",
            "key": "static/js/712.fb81789c.chunk.js.map",
            "kms_key_id": null,
            "metadata": {},
            "object_lock_legal_hold_status": "",
            "object_lock_mode": "",
            "object_lock_retain_until_date": "",
            "server_side_encryption": "AES256",
            "source": "../build/static/js/712.fb81789c.chunk.js.map",
            "source_hash": null,
            "storage_class": "STANDARD",
            "tags": {},
            "tags_all": {},
            "version_id": "",
            "website_redirect": ""
          },
          "sensitive_attributes": [],
          "private": "bnVsbA=="
        },
        {
          "index_key": "static/js/729.aff91f08.chunk.js",
          "schema_version": 0,
          "attributes": {
            "acl": "private",
            "bucket": "test2.jazeee.com",
            "bucket_key_enabled": false,
            "cache_control": "",
            "content": null,
            "content_base64": null,
            "content_disposition": "",
            "content_encoding": "",
            "content_language": "",
            "content_type": "application/javascript",
            "etag": "df6eba18b015283fa2f34ca0f7faafd7",
            "force_destroy": false,
            "id": "static/js/729.aff91f08.chunk.js",
            "key": "static/js/729.aff91f08.chunk.js",
            "kms_key_id": null,
            "metadata": {},
            "object_lock_legal_hold_status": "",
            "object_lock_mode": "",
            "object_lock_retain_until_date": "",
            "server_side_encryption": "AES256",
            "source": "../build/static/js/729.aff91f08.chunk.js",
            "source_hash": null,
            "storage_class": "STANDARD",
            "tags": {},
            "tags_all": {},
            "version_id": "",
            "website_redirect": ""
          },
          "sensitive_attributes": [],
          "private": "bnVsbA=="
        },
        {
          "index_key": "static/js/729.aff91f08.chunk.js.map",
          "schema_version": 0,
          "attributes": {
            "acl": "private",
            "bucket": "test2.jazeee.com",
            "bucket_key_enabled": false,
            "cache_control": "",
            "content": null,
            "content_base64": null,
            "content_disposition": "",
            "content_encoding": "",
            "content_language": "",
            "content_type": "text/plain",
            "etag": "3780a82ce36a12d5cd9fa267d0f48102",
            "force_destroy": false,
            "id": "static/js/729.aff91f08.chunk.js.map",
            "key": "static/js/729.aff91f08.chunk.js.map",
            "kms_key_id": null,
            "metadata": {},
            "object_lock_legal_hold_status": "",
            "object_lock_mode": "",
            "object_lock_retain_until_date": "",
            "server_side_encryption": "AES256",
            "source": "../build/static/js/729.aff91f08.chunk.js.map",
            "source_hash": null,
            "storage_class": "STANDARD",
            "tags": {},
            "tags_all": {},
            "version_id": "",
            "website_redirect": ""
          },
          "sensitive_attributes": [],
          "private": "bnVsbA=="
        },
        {
          "index_key": "static/js/8.7996a953.chunk.js",
          "schema_version": 0,
          "attributes": {
            "acl": "private",
            "bucket": "test2.jazeee.com",
            "bucket_key_enabled": false,
            "cache_control": "",
            "content": null,
            "content_base64": null,
            "content_disposition": "",
            "content_encoding": "",
            "content_language": "",
            "content_type": "application/javascript",
            "etag": "b20cf1f3e746b65d866eeae48b7c9600",
            "force_destroy": false,
            "id": "static/js/8.7996a953.chunk.js",
            "key": "static/js/8.7996a953.chunk.js",
            "kms_key_id": null,
            "metadata": {},
            "object_lock_legal_hold_status": "",
            "object_lock_mode": "",
            "object_lock_retain_until_date": "",
            "server_side_encryption": "AES256",
            "source": "../build/static/js/8.7996a953.chunk.js",
            "source_hash": null,
            "storage_class": "STANDARD",
            "tags": {},
            "tags_all": {},
            "version_id": "",
            "website_redirect": ""
          },
          "sensitive_attributes": [],
          "private": "bnVsbA=="
        },
        {
          "index_key": "static/js/8.7996a953.chunk.js.map",
          "schema_version": 0,
          "attributes": {
            "acl": "private",
            "bucket": "test2.jazeee.com",
            "bucket_key_enabled": false,
            "cache_control": "",
            "content": null,
            "content_base64": null,
            "content_disposition": "",
            "content_encoding": "",
            "content_language": "",
            "content_type": "text/plain",
            "etag": "95ebe8703102fa3c0e44b9d14bd9ec7e",
            "force_destroy": false,
            "id": "static/js/8.7996a953.chunk.js.map",
            "key": "static/js/8.7996a953.chunk.js.map",
            "kms_key_id": null,
            "metadata": {},
            "object_lock_legal_hold_status": "",
            "object_lock_mode": "",
            "object_lock_retain_until_date": "",
            "server_side_encryption": "AES256",
            "source": "../build/static/js/8.7996a953.chunk.js.map",
            "source_hash": null,
            "storage_class": "STANDARD",
            "tags": {},
            "tags_all": {},
            "version_id": "",
            "website_redirect": ""
          },
          "sensitive_attributes": [],
          "private": "bnVsbA=="
        },
        {
          "index_key": "static/js/958.1da20a91.chunk.js",
          "schema_version": 0,
          "attributes": {
            "acl": "private",
            "bucket": "test2.jazeee.com",
            "bucket_key_enabled": false,
            "cache_control": "",
            "content": null,
            "content_base64": null,
            "content_disposition": "",
            "content_encoding": "",
            "content_language": "",
            "content_type": "application/javascript",
            "etag": "e8fe0cdd517c61e021d8e8736e28e36c",
            "force_destroy": false,
            "id": "static/js/958.1da20a91.chunk.js",
            "key": "static/js/958.1da20a91.chunk.js",
            "kms_key_id": null,
            "metadata": {},
            "object_lock_legal_hold_status": "",
            "object_lock_mode": "",
            "object_lock_retain_until_date": "",
            "server_side_encryption": "AES256",
            "source": "../build/static/js/958.1da20a91.chunk.js",
            "source_hash": null,
            "storage_class": "STANDARD",
            "tags": {},
            "tags_all": {},
            "version_id": "",
            "website_redirect": ""
          },
          "sensitive_attributes": [],
          "private": "bnVsbA=="
        },
        {
          "index_key": "static/js/958.1da20a91.chunk.js.LICENSE.txt",
          "schema_version": 0,
          "attributes": {
            "acl": "private",
            "bucket": "test2.jazeee.com",
            "bucket_key_enabled": false,
            "cache_control": "",
            "content": null,
            "content_base64": null,
            "content_disposition": "",
            "content_encoding": "",
            "content_language": "",
            "content_type": "text/plain",
            "etag": "4e0e34f265fae8f33b01b27ae29d9d6f",
            "force_destroy": false,
            "id": "static/js/958.1da20a91.chunk.js.LICENSE.txt",
            "key": "static/js/958.1da20a91.chunk.js.LICENSE.txt",
            "kms_key_id": null,
            "metadata": {},
            "object_lock_legal_hold_status": "",
            "object_lock_mode": "",
            "object_lock_retain_until_date": "",
            "server_side_encryption": "AES256",
            "source": "../build/static/js/958.1da20a91.chunk.js.LICENSE.txt",
            "source_hash": null,
            "storage_class": "STANDARD",
            "tags": {},
            "tags_all": {},
            "version_id": "",
            "website_redirect": ""
          },
          "sensitive_attributes": [],
          "private": "bnVsbA=="
        },
        {
          "index_key": "static/js/958.1da20a91.chunk.js.map",
          "schema_version": 0,
          "attributes": {
            "acl": "private",
            "bucket": "test2.jazeee.com",
            "bucket_key_enabled": false,
            "cache_control": "",
            "content": null,
            "content_base64": null,
            "content_disposition": "",
            "content_encoding": "",
            "content_language": "",
            "content_type": "text/plain",
            "etag": "934c11c1ee13aa15f36802bc8b89774c",
            "force_destroy": false,
            "id": "static/js/958.1da20a91.chunk.js.map",
            "key": "static/js/958.1da20a91.chunk.js.map",
            "kms_key_id": null,
            "metadata": {},
            "object_lock_legal_hold_status": "",
            "object_lock_mode": "",
            "object_lock_retain_until_date": "",
            "server_side_encryption": "AES256",
            "source": "../build/static/js/958.1da20a91.chunk.js.map",
            "source_hash": null,
            "storage_class": "STANDARD",
            "tags": {},
            "tags_all": {},
            "version_id": "",
            "website_redirect": ""
          },
          "sensitive_attributes": [],
          "private": "bnVsbA=="
        },
        {
          "index_key": "static/js/main.b3b42223.js",
          "schema_version": 0,
          "attributes": {
            "acl": "private",
            "bucket": "test2.jazeee.com",
            "bucket_key_enabled": false,
            "cache_control": "",
            "content": null,
            "content_base64": null,
            "content_disposition": "",
            "content_encoding": "",
            "content_language": "",
            "content_type": "application/javascript",
            "etag": "3d3231dde6d8cd4cc0ab0b6c84e49f8f",
            "force_destroy": false,
            "id": "static/js/main.b3b42223.js",
            "key": "static/js/main.b3b42223.js",
            "kms_key_id": null,
            "metadata": {},
            "object_lock_legal_hold_status": "",
            "object_lock_mode": "",
            "object_lock_retain_until_date": "",
            "server_side_encryption": "AES256",
            "source": "../build/static/js/main.b3b42223.js",
            "source_hash": null,
            "storage_class": "STANDARD",
            "tags": {},
            "tags_all": {},
            "version_id": "",
            "website_redirect": ""
          },
          "sensitive_attributes": [],
          "private": "bnVsbA=="
        },
        {
          "index_key": "static/js/main.b3b42223.js.LICENSE.txt",
          "schema_version": 0,
          "attributes": {
            "acl": "private",
            "bucket": "test2.jazeee.com",
            "bucket_key_enabled": false,
            "cache_control": "",
            "content": null,
            "content_base64": null,
            "content_disposition": "",
            "content_encoding": "",
            "content_language": "",
            "content_type": "text/plain",
            "etag": "ddabcd327524e64eec535bc5681c8afa",
            "force_destroy": false,
            "id": "static/js/main.b3b42223.js.LICENSE.txt",
            "key": "static/js/main.b3b42223.js.LICENSE.txt",
            "kms_key_id": null,
            "metadata": {},
            "object_lock_legal_hold_status": "",
            "object_lock_mode": "",
            "object_lock_retain_until_date": "",
            "server_side_encryption": "AES256",
            "source": "../build/static/js/main.b3b42223.js.LICENSE.txt",
            "source_hash": null,
            "storage_class": "STANDARD",
            "tags": {},
            "tags_all": {},
            "version_id": "",
            "website_redirect": ""
          },
          "sensitive_attributes": [],
          "private": "bnVsbA=="
        },
        {
          "index_key": "static/js/main.b3b42223.js.map",
          "schema_version": 0,
          "attributes": {
            "acl": "private",
            "bucket": "test2.jazeee.com",
            "bucket_key_enabled": false,
            "cache_control": "",
            "content": null,
            "content_base64": null,
            "content_disposition": "",
            "content_encoding": "",
            "content_language": "",
            "content_type": "text/plain",
            "etag": "66be8f100ffb1391994f3c15f51b8c51",
            "force_destroy": false,
            "id": "static/js/main.b3b42223.js.map",
            "key": "static/js/main.b3b42223.js.map",
            "kms_key_id": null,
            "metadata": {},
            "object_lock_legal_hold_status": "",
            "object_lock_mode": "",
            "object_lock_retain_until_date": "",
            "server_side_encryption": "AES256",
            "source": "../build/static/js/main.b3b42223.js.map",
            "source_hash": null,
            "storage_class": "STANDARD",
            "tags": {},
            "tags_all": {},
            "version_id": "",
            "website_redirect": ""
          },
          "sensitive_attributes": [],
          "private": "bnVsbA=="
        },
        {
          "index_key": "static/media/ColorContributionsObfuscated2019-2023.03d0cbc778f906ee5376.png",
          "schema_version": 0,
          "attributes": {
            "acl": "private",
            "bucket": "test2.jazeee.com",
            "bucket_key_enabled": false,
            "cache_control": "",
            "content": null,
            "content_base64": null,
            "content_disposition": "",
            "content_encoding": "",
            "content_language": "",
            "content_type": "image/png",
            "etag": "d7f5237def6fd5db227917417c186e80",
            "force_destroy": false,
            "id": "static/media/ColorContributionsObfuscated2019-2023.03d0cbc778f906ee5376.png",
            "key": "static/media/ColorContributionsObfuscated2019-2023.03d0cbc778f906ee5376.png",
            "kms_key_id": null,
            "metadata": {},
            "object_lock_legal_hold_status": "",
            "object_lock_mode": "",
            "object_lock_retain_until_date": "",
            "server_side_encryption": "AES256",
            "source": "../build/static/media/ColorContributionsObfuscated2019-2023.03d0cbc778f906ee5376.png",
            "source_hash": null,
            "storage_class": "STANDARD",
            "tags": {},
            "tags_all": {},
            "version_id": "",
            "website_redirect": ""
          },
          "sensitive_attributes": [],
          "private": "bnVsbA=="
        },
        {
          "index_key": "static/media/codeBackground.ed0faa549d033e3ad693.png",
          "schema_version": 0,
          "attributes": {
            "acl": "private",
            "bucket": "test2.jazeee.com",
            "bucket_key_enabled": false,
            "cache_control": "",
            "content": null,
            "content_base64": null,
            "content_disposition": "",
            "content_encoding": "",
            "content_language": "",
            "content_type": "image/png",
            "etag": "7438b2b4d56473e57c4c2ffe5cc924fd",
            "force_destroy": false,
            "id": "static/media/codeBackground.ed0faa549d033e3ad693.png",
            "key": "static/media/codeBackground.ed0faa549d033e3ad693.png",
            "kms_key_id": null,
            "metadata": {},
            "object_lock_legal_hold_status": "",
            "object_lock_mode": "",
            "object_lock_retain_until_date": "",
            "server_side_encryption": "AES256",
            "source": "../build/static/media/codeBackground.ed0faa549d033e3ad693.png",
            "source_hash": null,
            "storage_class": "STANDARD",
            "tags": {},
            "tags_all": {},
            "version_id": "",
            "website_redirect": ""
          },
          "sensitive_attributes": [],
          "private": "bnVsbA=="
        },
        {
          "index_key": "static/media/colorRepoContributions2019.e3a1eb0c59a9dc7366c2.png",
          "schema_version": 0,
          "attributes": {
            "acl": "private",
            "bucket": "test2.jazeee.com",
            "bucket_key_enabled": false,
            "cache_control": "",
            "content": null,
            "content_base64": null,
            "content_disposition": "",
            "content_encoding": "",
            "content_language": "",
            "content_type": "image/png",
            "etag": "0667435e94ff8c6827c8f310b8c510b5",
            "force_destroy": false,
            "id": "static/media/colorRepoContributions2019.e3a1eb0c59a9dc7366c2.png",
            "key": "static/media/colorRepoContributions2019.e3a1eb0c59a9dc7366c2.png",
            "kms_key_id": null,
            "metadata": {},
            "object_lock_legal_hold_status": "",
            "object_lock_mode": "",
            "object_lock_retain_until_date": "",
            "server_side_encryption": "AES256",
            "source": "../build/static/media/colorRepoContributions2019.e3a1eb0c59a9dc7366c2.png",
            "source_hash": null,
            "storage_class": "STANDARD",
            "tags": {},
            "tags_all": {},
            "version_id": "",
            "website_redirect": ""
          },
          "sensitive_attributes": [],
          "private": "bnVsbA=="
        },
        {
          "index_key": "static/media/colorRepoContributions2020.10ca14c7fae38be55d4b.png",
          "schema_version": 0,
          "attributes": {
            "acl": "private",
            "bucket": "test2.jazeee.com",
            "bucket_key_enabled": false,
            "cache_control": "",
            "content": null,
            "content_base64": null,
            "content_disposition": "",
            "content_encoding": "",
            "content_language": "",
            "content_type": "image/png",
            "etag": "143dea943a9269723af22c1e3e275831",
            "force_destroy": false,
            "id": "static/media/colorRepoContributions2020.10ca14c7fae38be55d4b.png",
            "key": "static/media/colorRepoContributions2020.10ca14c7fae38be55d4b.png",
            "kms_key_id": null,
            "metadata": {},
            "object_lock_legal_hold_status": "",
            "object_lock_mode": "",
            "object_lock_retain_until_date": "",
            "server_side_encryption": "AES256",
            "source": "../build/static/media/colorRepoContributions2020.10ca14c7fae38be55d4b.png",
            "source_hash": null,
            "storage_class": "STANDARD",
            "tags": {},
            "tags_all": {},
            "version_id": "",
            "website_redirect": ""
          },
          "sensitive_attributes": [],
          "private": "bnVsbA=="
        },
        {
          "index_key": "static/media/colorRepoContributions2021.cbe2843ca8b6fa633052.png",
          "schema_version": 0,
          "attributes": {
            "acl": "private",
            "bucket": "test2.jazeee.com",
            "bucket_key_enabled": false,
            "cache_control": "",
            "content": null,
            "content_base64": null,
            "content_disposition": "",
            "content_encoding": "",
            "content_language": "",
            "content_type": "image/png",
            "etag": "9c8f0924cddd763db47de00f263e7b28",
            "force_destroy": false,
            "id": "static/media/colorRepoContributions2021.cbe2843ca8b6fa633052.png",
            "key": "static/media/colorRepoContributions2021.cbe2843ca8b6fa633052.png",
            "kms_key_id": null,
            "metadata": {},
            "object_lock_legal_hold_status": "",
            "object_lock_mode": "",
            "object_lock_retain_until_date": "",
            "server_side_encryption": "AES256",
            "source": "../build/static/media/colorRepoContributions2021.cbe2843ca8b6fa633052.png",
            "source_hash": null,
            "storage_class": "STANDARD",
            "tags": {},
            "tags_all": {},
            "version_id": "",
            "website_redirect": ""
          },
          "sensitive_attributes": [],
          "private": "bnVsbA=="
        },
        {
          "index_key": "static/media/colorRepoContributions2022.016291bd70709dbedfcd.png",
          "schema_version": 0,
          "attributes": {
            "acl": "private",
            "bucket": "test2.jazeee.com",
            "bucket_key_enabled": false,
            "cache_control": "",
            "content": null,
            "content_base64": null,
            "content_disposition": "",
            "content_encoding": "",
            "content_language": "",
            "content_type": "image/png",
            "etag": "90c22765798ec1617ee5b1d14eb5eb7a",
            "force_destroy": false,
            "id": "static/media/colorRepoContributions2022.016291bd70709dbedfcd.png",
            "key": "static/media/colorRepoContributions2022.016291bd70709dbedfcd.png",
            "kms_key_id": null,
            "metadata": {},
            "object_lock_legal_hold_status": "",
            "object_lock_mode": "",
            "object_lock_retain_until_date": "",
            "server_side_encryption": "AES256",
            "source": "../build/static/media/colorRepoContributions2022.016291bd70709dbedfcd.png",
            "source_hash": null,
            "storage_class": "STANDARD",
            "tags": {},
            "tags_all": {},
            "version_id": "",
            "website_redirect": ""
          },
          "sensitive_attributes": [],
          "private": "bnVsbA=="
        },
        {
          "index_key": "static/media/colorRepoContributions2023.87cd50265056f0ef91a4.png",
          "schema_version": 0,
          "attributes": {
            "acl": "private",
            "bucket": "test2.jazeee.com",
            "bucket_key_enabled": false,
            "cache_control": "",
            "content": null,
            "content_base64": null,
            "content_disposition": "",
            "content_encoding": "",
            "content_language": "",
            "content_type": "image/png",
            "etag": "4c07eafdb536d808498afaa2fb621053",
            "force_destroy": false,
            "id": "static/media/colorRepoContributions2023.87cd50265056f0ef91a4.png",
            "key": "static/media/colorRepoContributions2023.87cd50265056f0ef91a4.png",
            "kms_key_id": null,
            "metadata": {},
            "object_lock_legal_hold_status": "",
            "object_lock_mode": "",
            "object_lock_retain_until_date": "",
            "server_side_encryption": "AES256",
            "source": "../build/static/media/colorRepoContributions2023.87cd50265056f0ef91a4.png",
            "source_hash": null,
            "storage_class": "STANDARD",
            "tags": {},
            "tags_all": {},
            "version_id": "",
            "website_redirect": ""
          },
          "sensitive_attributes": [],
          "private": "bnVsbA=="
        },
        {
          "index_key": "static/media/covid19TestingScreenShot.1a1feb15c0ba36203b4a.png",
          "schema_version": 0,
          "attributes": {
            "acl": "private",
            "bucket": "test2.jazeee.com",
            "bucket_key_enabled": false,
            "cache_control": "",
            "content": null,
            "content_base64": null,
            "content_disposition": "",
            "content_encoding": "",
            "content_language": "",
            "content_type": "image/png",
            "etag": "49acdc965c45b66f99c63848c4cc1587",
            "force_destroy": false,
            "id": "static/media/covid19TestingScreenShot.1a1feb15c0ba36203b4a.png",
            "key": "static/media/covid19TestingScreenShot.1a1feb15c0ba36203b4a.png",
            "kms_key_id": null,
            "metadata": {},
            "object_lock_legal_hold_status": "",
            "object_lock_mode": "",
            "object_lock_retain_until_date": "",
            "server_side_encryption": "AES256",
            "source": "../build/static/media/covid19TestingScreenShot.1a1feb15c0ba36203b4a.png",
            "source_hash": null,
            "storage_class": "STANDARD",
            "tags": {},
            "tags_all": {},
            "version_id": "",
            "website_redirect": ""
          },
          "sensitive_attributes": [],
          "private": "bnVsbA=="
        },
        {
          "index_key": "static/media/roboto-all-300-normal.168d6383e73339293ac3.woff",
          "schema_version": 0,
          "attributes": {
            "acl": "private",
            "bucket": "test2.jazeee.com",
            "bucket_key_enabled": false,
            "cache_control": "",
            "content": null,
            "content_base64": null,
            "content_disposition": "",
            "content_encoding": "",
            "content_language": "",
            "content_type": "text/plain",
            "etag": "2323284ef85bfeaca074c668b72109c6",
            "force_destroy": false,
            "id": "static/media/roboto-all-300-normal.168d6383e73339293ac3.woff",
            "key": "static/media/roboto-all-300-normal.168d6383e73339293ac3.woff",
            "kms_key_id": null,
            "metadata": {},
            "object_lock_legal_hold_status": "",
            "object_lock_mode": "",
            "object_lock_retain_until_date": "",
            "server_side_encryption": "AES256",
            "source": "../build/static/media/roboto-all-300-normal.168d6383e73339293ac3.woff",
            "source_hash": null,
            "storage_class": "STANDARD",
            "tags": {},
            "tags_all": {},
            "version_id": "",
            "website_redirect": ""
          },
          "sensitive_attributes": [],
          "private": "bnVsbA=="
        },
        {
          "index_key": "static/media/roboto-all-400-normal.c5d001fa922fa66a147f.woff",
          "schema_version": 0,
          "attributes": {
            "acl": "private",
            "bucket": "test2.jazeee.com",
            "bucket_key_enabled": false,
            "cache_control": "",
            "content": null,
            "content_base64": null,
            "content_disposition": "",
            "content_encoding": "",
            "content_language": "",
            "content_type": "text/plain",
            "etag": "62b936e168110e58e89e70ec82e22755",
            "force_destroy": false,
            "id": "static/media/roboto-all-400-normal.c5d001fa922fa66a147f.woff",
            "key": "static/media/roboto-all-400-normal.c5d001fa922fa66a147f.woff",
            "kms_key_id": null,
            "metadata": {},
            "object_lock_legal_hold_status": "",
            "object_lock_mode": "",
            "object_lock_retain_until_date": "",
            "server_side_encryption": "AES256",
            "source": "../build/static/media/roboto-all-400-normal.c5d001fa922fa66a147f.woff",
            "source_hash": null,
            "storage_class": "STANDARD",
            "tags": {},
            "tags_all": {},
            "version_id": "",
            "website_redirect": ""
          },
          "sensitive_attributes": [],
          "private": "bnVsbA=="
        },
        {
          "index_key": "static/media/roboto-all-500-normal.0ab669b7a0d19b178f57.woff",
          "schema_version": 0,
          "attributes": {
            "acl": "private",
            "bucket": "test2.jazeee.com",
            "bucket_key_enabled": false,
            "cache_control": "",
            "content": null,
            "content_base64": null,
            "content_disposition": "",
            "content_encoding": "",
            "content_language": "",
            "content_type": "text/plain",
            "etag": "68d75d959b2a0e9958b11d781338c8f7",
            "force_destroy": false,
            "id": "static/media/roboto-all-500-normal.0ab669b7a0d19b178f57.woff",
            "key": "static/media/roboto-all-500-normal.0ab669b7a0d19b178f57.woff",
            "kms_key_id": null,
            "metadata": {},
            "object_lock_legal_hold_status": "",
            "object_lock_mode": "",
            "object_lock_retain_until_date": "",
            "server_side_encryption": "AES256",
            "source": "../build/static/media/roboto-all-500-normal.0ab669b7a0d19b178f57.woff",
            "source_hash": null,
            "storage_class": "STANDARD",
            "tags": {},
            "tags_all": {},
            "version_id": "",
            "website_redirect": ""
          },
          "sensitive_attributes": [],
          "private": "bnVsbA=="
        },
        {
          "index_key": "static/media/roboto-all-700-normal.a457fde362a540fcadff.woff",
          "schema_version": 0,
          "attributes": {
            "acl": "private",
            "bucket": "test2.jazeee.com",
            "bucket_key_enabled": false,
            "cache_control": "",
            "content": null,
            "content_base64": null,
            "content_disposition": "",
            "content_encoding": "",
            "content_language": "",
            "content_type": "text/plain",
            "etag": "aa462125b8faf7600001e1fe9b47e216",
            "force_destroy": false,
            "id": "static/media/roboto-all-700-normal.a457fde362a540fcadff.woff",
            "key": "static/media/roboto-all-700-normal.a457fde362a540fcadff.woff",
            "kms_key_id": null,
            "metadata": {},
            "object_lock_legal_hold_status": "",
            "object_lock_mode": "",
            "object_lock_retain_until_date": "",
            "server_side_encryption": "AES256",
            "source": "../build/static/media/roboto-all-700-normal.a457fde362a540fcadff.woff",
            "source_hash": null,
            "storage_class": "STANDARD",
            "tags": {},
            "tags_all": {},
            "version_id": "",
            "website_redirect": ""
          },
          "sensitive_attributes": [],
          "private": "bnVsbA=="
        },
        {
          "index_key": "static/media/roboto-cyrillic-300-normal.1431d1cef06ad04f5458.woff2",
          "schema_version": 0,
          "attributes": {
            "acl": "private",
            "bucket": "test2.jazeee.com",
            "bucket_key_enabled": false,
            "cache_control": "",
            "content": null,
            "content_base64": null,
            "content_disposition": "",
            "content_encoding": "",
            "content_language": "",
            "content_type": "text/plain",
            "etag": "9b9ec29522d1bf8924ccc2d917e1807b",
            "force_destroy": false,
            "id": "static/media/roboto-cyrillic-300-normal.1431d1cef06ad04f5458.woff2",
            "key": "static/media/roboto-cyrillic-300-normal.1431d1cef06ad04f5458.woff2",
            "kms_key_id": null,
            "metadata": {},
            "object_lock_legal_hold_status": "",
            "object_lock_mode": "",
            "object_lock_retain_until_date": "",
            "server_side_encryption": "AES256",
            "source": "../build/static/media/roboto-cyrillic-300-normal.1431d1cef06ad04f5458.woff2",
            "source_hash": null,
            "storage_class": "STANDARD",
            "tags": {},
            "tags_all": {},
            "version_id": "",
            "website_redirect": ""
          },
          "sensitive_attributes": [],
          "private": "bnVsbA=="
        },
        {
          "index_key": "static/media/roboto-cyrillic-400-normal.71a33b6b50457b2c903a.woff2",
          "schema_version": 0,
          "attributes": {
            "acl": "private",
            "bucket": "test2.jazeee.com",
            "bucket_key_enabled": false,
            "cache_control": "",
            "content": null,
            "content_base64": null,
            "content_disposition": "",
            "content_encoding": "",
            "content_language": "",
            "content_type": "text/plain",
            "etag": "d9ac47c7e500fb7083b8d595eaf6fe12",
            "force_destroy": false,
            "id": "static/media/roboto-cyrillic-400-normal.71a33b6b50457b2c903a.woff2",
            "key": "static/media/roboto-cyrillic-400-normal.71a33b6b50457b2c903a.woff2",
            "kms_key_id": null,
            "metadata": {},
            "object_lock_legal_hold_status": "",
            "object_lock_mode": "",
            "object_lock_retain_until_date": "",
            "server_side_encryption": "AES256",
            "source": "../build/static/media/roboto-cyrillic-400-normal.71a33b6b50457b2c903a.woff2",
            "source_hash": null,
            "storage_class": "STANDARD",
            "tags": {},
            "tags_all": {},
            "version_id": "",
            "website_redirect": ""
          },
          "sensitive_attributes": [],
          "private": "bnVsbA=="
        },
        {
          "index_key": "static/media/roboto-cyrillic-500-normal.cad7d3d9cb265e334e58.woff2",
          "schema_version": 0,
          "attributes": {
            "acl": "private",
            "bucket": "test2.jazeee.com",
            "bucket_key_enabled": false,
            "cache_control": "",
            "content": null,
            "content_base64": null,
            "content_disposition": "",
            "content_encoding": "",
            "content_language": "",
            "content_type": "text/plain",
            "etag": "7b08b9e11fc6b8a8a1398b357e874144",
            "force_destroy": false,
            "id": "static/media/roboto-cyrillic-500-normal.cad7d3d9cb265e334e58.woff2",
            "key": "static/media/roboto-cyrillic-500-normal.cad7d3d9cb265e334e58.woff2",
            "kms_key_id": null,
            "metadata": {},
            "object_lock_legal_hold_status": "",
            "object_lock_mode": "",
            "object_lock_retain_until_date": "",
            "server_side_encryption": "AES256",
            "source": "../build/static/media/roboto-cyrillic-500-normal.cad7d3d9cb265e334e58.woff2",
            "source_hash": null,
            "storage_class": "STANDARD",
            "tags": {},
            "tags_all": {},
            "version_id": "",
            "website_redirect": ""
          },
          "sensitive_attributes": [],
          "private": "bnVsbA=="
        },
        {
          "index_key": "static/media/roboto-cyrillic-700-normal.d010f1f324e111a22e53.woff2",
          "schema_version": 0,
          "attributes": {
            "acl": "private",
            "bucket": "test2.jazeee.com",
            "bucket_key_enabled": false,
            "cache_control": "",
            "content": null,
            "content_base64": null,
            "content_disposition": "",
            "content_encoding": "",
            "content_language": "",
            "content_type": "text/plain",
            "etag": "6f112ec2b932ee12379442c42853244e",
            "force_destroy": false,
            "id": "static/media/roboto-cyrillic-700-normal.d010f1f324e111a22e53.woff2",
            "key": "static/media/roboto-cyrillic-700-normal.d010f1f324e111a22e53.woff2",
            "kms_key_id": null,
            "metadata": {},
            "object_lock_legal_hold_status": "",
            "object_lock_mode": "",
            "object_lock_retain_until_date": "",
            "server_side_encryption": "AES256",
            "source": "../build/static/media/roboto-cyrillic-700-normal.d010f1f324e111a22e53.woff2",
            "source_hash": null,
            "storage_class": "STANDARD",
            "tags": {},
            "tags_all": {},
            "version_id": "",
            "website_redirect": ""
          },
          "sensitive_attributes": [],
          "private": "bnVsbA=="
        },
        {
          "index_key": "static/media/roboto-cyrillic-ext-300-normal.4777461b144e55145268.woff2",
          "schema_version": 0,
          "attributes": {
            "acl": "private",
            "bucket": "test2.jazeee.com",
            "bucket_key_enabled": false,
            "cache_control": "",
            "content": null,
            "content_base64": null,
            "content_disposition": "",
            "content_encoding": "",
            "content_language": "",
            "content_type": "text/plain",
            "etag": "d04413353a32aed8a0db452373452870",
            "force_destroy": false,
            "id": "static/media/roboto-cyrillic-ext-300-normal.4777461b144e55145268.woff2",
            "key": "static/media/roboto-cyrillic-ext-300-normal.4777461b144e55145268.woff2",
            "kms_key_id": null,
            "metadata": {},
            "object_lock_legal_hold_status": "",
            "object_lock_mode": "",
            "object_lock_retain_until_date": "",
            "server_side_encryption": "AES256",
            "source": "../build/static/media/roboto-cyrillic-ext-300-normal.4777461b144e55145268.woff2",
            "source_hash": null,
            "storage_class": "STANDARD",
            "tags": {},
            "tags_all": {},
            "version_id": "",
            "website_redirect": ""
          },
          "sensitive_attributes": [],
          "private": "bnVsbA=="
        },
        {
          "index_key": "static/media/roboto-cyrillic-ext-400-normal.804378952da8a10faae2.woff2",
          "schema_version": 0,
          "attributes": {
            "acl": "private",
            "bucket": "test2.jazeee.com",
            "bucket_key_enabled": false,
            "cache_control": "",
            "content": null,
            "content_base64": null,
            "content_disposition": "",
            "content_encoding": "",
            "content_language": "",
            "content_type": "text/plain",
            "etag": "c00467dc3792a8ab586955a3faefcac9",
            "force_destroy": false,
            "id": "static/media/roboto-cyrillic-ext-400-normal.804378952da8a10faae2.woff2",
            "key": "static/media/roboto-cyrillic-ext-400-normal.804378952da8a10faae2.woff2",
            "kms_key_id": null,
            "metadata": {},
            "object_lock_legal_hold_status": "",
            "object_lock_mode": "",
            "object_lock_retain_until_date": "",
            "server_side_encryption": "AES256",
            "source": "../build/static/media/roboto-cyrillic-ext-400-normal.804378952da8a10faae2.woff2",
            "source_hash": null,
            "storage_class": "STANDARD",
            "tags": {},
            "tags_all": {},
            "version_id": "",
            "website_redirect": ""
          },
          "sensitive_attributes": [],
          "private": "bnVsbA=="
        },
        {
          "index_key": "static/media/roboto-cyrillic-ext-500-normal.62ced72e5832f02c2796.woff2",
          "schema_version": 0,
          "attributes": {
            "acl": "private",
            "bucket": "test2.jazeee.com",
            "bucket_key_enabled": false,
            "cache_control": "",
            "content": null,
            "content_base64": null,
            "content_disposition": "",
            "content_encoding": "",
            "content_language": "",
            "content_type": "text/plain",
            "etag": "2742d81afb69e902e4513dc7cdda0a7f",
            "force_destroy": false,
            "id": "static/media/roboto-cyrillic-ext-500-normal.62ced72e5832f02c2796.woff2",
            "key": "static/media/roboto-cyrillic-ext-500-normal.62ced72e5832f02c2796.woff2",
            "kms_key_id": null,
            "metadata": {},
            "object_lock_legal_hold_status": "",
            "object_lock_mode": "",
            "object_lock_retain_until_date": "",
            "server_side_encryption": "AES256",
            "source": "../build/static/media/roboto-cyrillic-ext-500-normal.62ced72e5832f02c2796.woff2",
            "source_hash": null,
            "storage_class": "STANDARD",
            "tags": {},
            "tags_all": {},
            "version_id": "",
            "website_redirect": ""
          },
          "sensitive_attributes": [],
          "private": "bnVsbA=="
        },
        {
          "index_key": "static/media/roboto-cyrillic-ext-700-normal.be4d02458ce53887dc37.woff2",
          "schema_version": 0,
          "attributes": {
            "acl": "private",
            "bucket": "test2.jazeee.com",
            "bucket_key_enabled": false,
            "cache_control": "",
            "content": null,
            "content_base64": null,
            "content_disposition": "",
            "content_encoding": "",
            "content_language": "",
            "content_type": "text/plain",
            "etag": "e0bc9313fdde7851c88c901baf3c2b5c",
            "force_destroy": false,
            "id": "static/media/roboto-cyrillic-ext-700-normal.be4d02458ce53887dc37.woff2",
            "key": "static/media/roboto-cyrillic-ext-700-normal.be4d02458ce53887dc37.woff2",
            "kms_key_id": null,
            "metadata": {},
            "object_lock_legal_hold_status": "",
            "object_lock_mode": "",
            "object_lock_retain_until_date": "",
            "server_side_encryption": "AES256",
            "source": "../build/static/media/roboto-cyrillic-ext-700-normal.be4d02458ce53887dc37.woff2",
            "source_hash": null,
            "storage_class": "STANDARD",
            "tags": {},
            "tags_all": {},
            "version_id": "",
            "website_redirect": ""
          },
          "sensitive_attributes": [],
          "private": "bnVsbA=="
        },
        {
          "index_key": "static/media/roboto-greek-300-normal.db2632771401f61463fe.woff2",
          "schema_version": 0,
          "attributes": {
            "acl": "private",
            "bucket": "test2.jazeee.com",
            "bucket_key_enabled": false,
            "cache_control": "",
            "content": null,
            "content_base64": null,
            "content_disposition": "",
            "content_encoding": "",
            "content_language": "",
            "content_type": "text/plain",
            "etag": "dcdaee374d5bbeab0a5ed5c8cf39a6cd",
            "force_destroy": false,
            "id": "static/media/roboto-greek-300-normal.db2632771401f61463fe.woff2",
            "key": "static/media/roboto-greek-300-normal.db2632771401f61463fe.woff2",
            "kms_key_id": null,
            "metadata": {},
            "object_lock_legal_hold_status": "",
            "object_lock_mode": "",
            "object_lock_retain_until_date": "",
            "server_side_encryption": "AES256",
            "source": "../build/static/media/roboto-greek-300-normal.db2632771401f61463fe.woff2",
            "source_hash": null,
            "storage_class": "STANDARD",
            "tags": {},
            "tags_all": {},
            "version_id": "",
            "website_redirect": ""
          },
          "sensitive_attributes": [],
          "private": "bnVsbA=="
        },
        {
          "index_key": "static/media/roboto-greek-400-normal.c35e4c3958e209d17b31.woff2",
          "schema_version": 0,
          "attributes": {
            "acl": "private",
            "bucket": "test2.jazeee.com",
            "bucket_key_enabled": false,
            "cache_control": "",
            "content": null,
            "content_base64": null,
            "content_disposition": "",
            "content_encoding": "",
            "content_language": "",
            "content_type": "text/plain",
            "etag": "28668857bef1b85c5748a482cf9b74af",
            "force_destroy": false,
            "id": "static/media/roboto-greek-400-normal.c35e4c3958e209d17b31.woff2",
            "key": "static/media/roboto-greek-400-normal.c35e4c3958e209d17b31.woff2",
            "kms_key_id": null,
            "metadata": {},
            "object_lock_legal_hold_status": "",
            "object_lock_mode": "",
            "object_lock_retain_until_date": "",
            "server_side_encryption": "AES256",
            "source": "../build/static/media/roboto-greek-400-normal.c35e4c3958e209d17b31.woff2",
            "source_hash": null,
            "storage_class": "STANDARD",
            "tags": {},
            "tags_all": {},
            "version_id": "",
            "website_redirect": ""
          },
          "sensitive_attributes": [],
          "private": "bnVsbA=="
        },
        {
          "index_key": "static/media/roboto-greek-500-normal.9ac81fefbe6c319ea40b.woff2",
          "schema_version": 0,
          "attributes": {
            "acl": "private",
            "bucket": "test2.jazeee.com",
            "bucket_key_enabled": false,
            "cache_control": "",
            "content": null,
            "content_base64": null,
            "content_disposition": "",
            "content_encoding": "",
            "content_language": "",
            "content_type": "text/plain",
            "etag": "53f395eb854a40e978706b1082570e42",
            "force_destroy": false,
            "id": "static/media/roboto-greek-500-normal.9ac81fefbe6c319ea40b.woff2",
            "key": "static/media/roboto-greek-500-normal.9ac81fefbe6c319ea40b.woff2",
            "kms_key_id": null,
            "metadata": {},
            "object_lock_legal_hold_status": "",
            "object_lock_mode": "",
            "object_lock_retain_until_date": "",
            "server_side_encryption": "AES256",
            "source": "../build/static/media/roboto-greek-500-normal.9ac81fefbe6c319ea40b.woff2",
            "source_hash": null,
            "storage_class": "STANDARD",
            "tags": {},
            "tags_all": {},
            "version_id": "",
            "website_redirect": ""
          },
          "sensitive_attributes": [],
          "private": "bnVsbA=="
        },
        {
          "index_key": "static/media/roboto-greek-700-normal.50e795c1345353b0e996.woff2",
          "schema_version": 0,
          "attributes": {
            "acl": "private",
            "bucket": "test2.jazeee.com",
            "bucket_key_enabled": false,
            "cache_control": "",
            "content": null,
            "content_base64": null,
            "content_disposition": "",
            "content_encoding": "",
            "content_language": "",
            "content_type": "text/plain",
            "etag": "3f8b2aa43c439ca2c8930c198320c231",
            "force_destroy": false,
            "id": "static/media/roboto-greek-700-normal.50e795c1345353b0e996.woff2",
            "key": "static/media/roboto-greek-700-normal.50e795c1345353b0e996.woff2",
            "kms_key_id": null,
            "metadata": {},
            "object_lock_legal_hold_status": "",
            "object_lock_mode": "",
            "object_lock_retain_until_date": "",
            "server_side_encryption": "AES256",
            "source": "../build/static/media/roboto-greek-700-normal.50e795c1345353b0e996.woff2",
            "source_hash": null,
            "storage_class": "STANDARD",
            "tags": {},
            "tags_all": {},
            "version_id": "",
            "website_redirect": ""
          },
          "sensitive_attributes": [],
          "private": "bnVsbA=="
        },
        {
          "index_key": "static/media/roboto-greek-ext-300-normal.35b9d6be04b95f0f0530.woff2",
          "schema_version": 0,
          "attributes": {
            "acl": "private",
            "bucket": "test2.jazeee.com",
            "bucket_key_enabled": false,
            "cache_control": "",
            "content": null,
            "content_base64": null,
            "content_disposition": "",
            "content_encoding": "",
            "content_language": "",
            "content_type": "text/plain",
            "etag": "c2be5367fbf0e1066261fd78eb103f4a",
            "force_destroy": false,
            "id": "static/media/roboto-greek-ext-300-normal.35b9d6be04b95f0f0530.woff2",
            "key": "static/media/roboto-greek-ext-300-normal.35b9d6be04b95f0f0530.woff2",
            "kms_key_id": null,
            "metadata": {},
            "object_lock_legal_hold_status": "",
            "object_lock_mode": "",
            "object_lock_retain_until_date": "",
            "server_side_encryption": "AES256",
            "source": "../build/static/media/roboto-greek-ext-300-normal.35b9d6be04b95f0f0530.woff2",
            "source_hash": null,
            "storage_class": "STANDARD",
            "tags": {},
            "tags_all": {},
            "version_id": "",
            "website_redirect": ""
          },
          "sensitive_attributes": [],
          "private": "bnVsbA=="
        },
        {
          "index_key": "static/media/roboto-greek-ext-400-normal.169619821ea93019d1bb.woff2",
          "schema_version": 0,
          "attributes": {
            "acl": "private",
            "bucket": "test2.jazeee.com",
            "bucket_key_enabled": false,
            "cache_control": "",
            "content": null,
            "content_base64": null,
            "content_disposition": "",
            "content_encoding": "",
            "content_language": "",
            "content_type": "text/plain",
            "etag": "35de3738b76d249ed060dd3d0f9286be",
            "force_destroy": false,
            "id": "static/media/roboto-greek-ext-400-normal.169619821ea93019d1bb.woff2",
            "key": "static/media/roboto-greek-ext-400-normal.169619821ea93019d1bb.woff2",
            "kms_key_id": null,
            "metadata": {},
            "object_lock_legal_hold_status": "",
            "object_lock_mode": "",
            "object_lock_retain_until_date": "",
            "server_side_encryption": "AES256",
            "source": "../build/static/media/roboto-greek-ext-400-normal.169619821ea93019d1bb.woff2",
            "source_hash": null,
            "storage_class": "STANDARD",
            "tags": {},
            "tags_all": {},
            "version_id": "",
            "website_redirect": ""
          },
          "sensitive_attributes": [],
          "private": "bnVsbA=="
        },
        {
          "index_key": "static/media/roboto-greek-ext-500-normal.6fb9cffb1d3e72bf9293.woff2",
          "schema_version": 0,
          "attributes": {
            "acl": "private",
            "bucket": "test2.jazeee.com",
            "bucket_key_enabled": false,
            "cache_control": "",
            "content": null,
            "content_base64": null,
            "content_disposition": "",
            "content_encoding": "",
            "content_language": "",
            "content_type": "text/plain",
            "etag": "e7b7001dff6c14165abdc0fefdecae06",
            "force_destroy": false,
            "id": "static/media/roboto-greek-ext-500-normal.6fb9cffb1d3e72bf9293.woff2",
            "key": "static/media/roboto-greek-ext-500-normal.6fb9cffb1d3e72bf9293.woff2",
            "kms_key_id": null,
            "metadata": {},
            "object_lock_legal_hold_status": "",
            "object_lock_mode": "",
            "object_lock_retain_until_date": "",
            "server_side_encryption": "AES256",
            "source": "../build/static/media/roboto-greek-ext-500-normal.6fb9cffb1d3e72bf9293.woff2",
            "source_hash": null,
            "storage_class": "STANDARD",
            "tags": {},
            "tags_all": {},
            "version_id": "",
            "website_redirect": ""
          },
          "sensitive_attributes": [],
          "private": "bnVsbA=="
        },
        {
          "index_key": "static/media/roboto-greek-ext-700-normal.bd9854c751441ccc1a70.woff2",
          "schema_version": 0,
          "attributes": {
            "acl": "private",
            "bucket": "test2.jazeee.com",
            "bucket_key_enabled": false,
            "cache_control": "",
            "content": null,
            "content_base64": null,
            "content_disposition": "",
            "content_encoding": "",
            "content_language": "",
            "content_type": "text/plain",
            "etag": "2953af0021626d3c3078b17590118908",
            "force_destroy": false,
            "id": "static/media/roboto-greek-ext-700-normal.bd9854c751441ccc1a70.woff2",
            "key": "static/media/roboto-greek-ext-700-normal.bd9854c751441ccc1a70.woff2",
            "kms_key_id": null,
            "metadata": {},
            "object_lock_legal_hold_status": "",
            "object_lock_mode": "",
            "object_lock_retain_until_date": "",
            "server_side_encryption": "AES256",
            "source": "../build/static/media/roboto-greek-ext-700-normal.bd9854c751441ccc1a70.woff2",
            "source_hash": null,
            "storage_class": "STANDARD",
            "tags": {},
            "tags_all": {},
            "version_id": "",
            "website_redirect": ""
          },
          "sensitive_attributes": [],
          "private": "bnVsbA=="
        },
        {
          "index_key": "static/media/roboto-latin-300-normal.c48fb6765a9fcb00b330.woff2",
          "schema_version": 0,
          "attributes": {
            "acl": "private",
            "bucket": "test2.jazeee.com",
            "bucket_key_enabled": false,
            "cache_control": "",
            "content": null,
            "content_base64": null,
            "content_disposition": "",
            "content_encoding": "",
            "content_language": "",
            "content_type": "text/plain",
            "etag": "b9c29351c46f3e8c8631c4002457f48a",
            "force_destroy": false,
            "id": "static/media/roboto-latin-300-normal.c48fb6765a9fcb00b330.woff2",
            "key": "static/media/roboto-latin-300-normal.c48fb6765a9fcb00b330.woff2",
            "kms_key_id": null,
            "metadata": {},
            "object_lock_legal_hold_status": "",
            "object_lock_mode": "",
            "object_lock_retain_until_date": "",
            "server_side_encryption": "AES256",
            "source": "../build/static/media/roboto-latin-300-normal.c48fb6765a9fcb00b330.woff2",
            "source_hash": null,
            "storage_class": "STANDARD",
            "tags": {},
            "tags_all": {},
            "version_id": "",
            "website_redirect": ""
          },
          "sensitive_attributes": [],
          "private": "bnVsbA=="
        },
        {
          "index_key": "static/media/roboto-latin-400-normal.b009a76ad6afe4ebd301.woff2",
          "schema_version": 0,
          "attributes": {
            "acl": "private",
            "bucket": "test2.jazeee.com",
            "bucket_key_enabled": false,
            "cache_control": "",
            "content": null,
            "content_base64": null,
            "content_disposition": "",
            "content_encoding": "",
            "content_language": "",
            "content_type": "text/plain",
            "etag": "15d9f621c3bd1599f0169dcf0bd5e63e",
            "force_destroy": false,
            "id": "static/media/roboto-latin-400-normal.b009a76ad6afe4ebd301.woff2",
            "key": "static/media/roboto-latin-400-normal.b009a76ad6afe4ebd301.woff2",
            "kms_key_id": null,
            "metadata": {},
            "object_lock_legal_hold_status": "",
            "object_lock_mode": "",
            "object_lock_retain_until_date": "",
            "server_side_encryption": "AES256",
            "source": "../build/static/media/roboto-latin-400-normal.b009a76ad6afe4ebd301.woff2",
            "source_hash": null,
            "storage_class": "STANDARD",
            "tags": {},
            "tags_all": {},
            "version_id": "",
            "website_redirect": ""
          },
          "sensitive_attributes": [],
          "private": "bnVsbA=="
        },
        {
          "index_key": "static/media/roboto-latin-500-normal.f25d774ecfe0996f8eb5.woff2",
          "schema_version": 0,
          "attributes": {
            "acl": "private",
            "bucket": "test2.jazeee.com",
            "bucket_key_enabled": false,
            "cache_control": "",
            "content": null,
            "content_base64": null,
            "content_disposition": "",
            "content_encoding": "",
            "content_language": "",
            "content_type": "text/plain",
            "etag": "3a44e06eb954b96aa043227f3534189d",
            "force_destroy": false,
            "id": "static/media/roboto-latin-500-normal.f25d774ecfe0996f8eb5.woff2",
            "key": "static/media/roboto-latin-500-normal.f25d774ecfe0996f8eb5.woff2",
            "kms_key_id": null,
            "metadata": {},
            "object_lock_legal_hold_status": "",
            "object_lock_mode": "",
            "object_lock_retain_until_date": "",
            "server_side_encryption": "AES256",
            "source": "../build/static/media/roboto-latin-500-normal.f25d774ecfe0996f8eb5.woff2",
            "source_hash": null,
            "storage_class": "STANDARD",
            "tags": {},
            "tags_all": {},
            "version_id": "",
            "website_redirect": ""
          },
          "sensitive_attributes": [],
          "private": "bnVsbA=="
        },
        {
          "index_key": "static/media/roboto-latin-700-normal.227c93190fe7f82de3f8.woff2",
          "schema_version": 0,
          "attributes": {
            "acl": "private",
            "bucket": "test2.jazeee.com",
            "bucket_key_enabled": false,
            "cache_control": "",
            "content": null,
            "content_base64": null,
            "content_disposition": "",
            "content_encoding": "",
            "content_language": "",
            "content_type": "text/plain",
            "etag": "e9f5aaf547f165386cd313b995dddd8e",
            "force_destroy": false,
            "id": "static/media/roboto-latin-700-normal.227c93190fe7f82de3f8.woff2",
            "key": "static/media/roboto-latin-700-normal.227c93190fe7f82de3f8.woff2",
            "kms_key_id": null,
            "metadata": {},
            "object_lock_legal_hold_status": "",
            "object_lock_mode": "",
            "object_lock_retain_until_date": "",
            "server_side_encryption": "AES256",
            "source": "../build/static/media/roboto-latin-700-normal.227c93190fe7f82de3f8.woff2",
            "source_hash": null,
            "storage_class": "STANDARD",
            "tags": {},
            "tags_all": {},
            "version_id": "",
            "website_redirect": ""
          },
          "sensitive_attributes": [],
          "private": "bnVsbA=="
        },
        {
          "index_key": "static/media/roboto-latin-ext-300-normal.dc7dcec8e3f654e0ed63.woff2",
          "schema_version": 0,
          "attributes": {
            "acl": "private",
            "bucket": "test2.jazeee.com",
            "bucket_key_enabled": false,
            "cache_control": "",
            "content": null,
            "content_base64": null,
            "content_disposition": "",
            "content_encoding": "",
            "content_language": "",
            "content_type": "text/plain",
            "etag": "716871ec15f054ec158445180fe280e1",
            "force_destroy": false,
            "id": "static/media/roboto-latin-ext-300-normal.dc7dcec8e3f654e0ed63.woff2",
            "key": "static/media/roboto-latin-ext-300-normal.dc7dcec8e3f654e0ed63.woff2",
            "kms_key_id": null,
            "metadata": {},
            "object_lock_legal_hold_status": "",
            "object_lock_mode": "",
            "object_lock_retain_until_date": "",
            "server_side_encryption": "AES256",
            "source": "../build/static/media/roboto-latin-ext-300-normal.dc7dcec8e3f654e0ed63.woff2",
            "source_hash": null,
            "storage_class": "STANDARD",
            "tags": {},
            "tags_all": {},
            "version_id": "",
            "website_redirect": ""
          },
          "sensitive_attributes": [],
          "private": "bnVsbA=="
        },
        {
          "index_key": "static/media/roboto-latin-ext-400-normal.861b791f9de857a6e7bc.woff2",
          "schema_version": 0,
          "attributes": {
            "acl": "private",
            "bucket": "test2.jazeee.com",
            "bucket_key_enabled": false,
            "cache_control": "",
            "content": null,
            "content_base64": null,
            "content_disposition": "",
            "content_encoding": "",
            "content_language": "",
            "content_type": "text/plain",
            "etag": "87ace20058325aa069320aa4af875dff",
            "force_destroy": false,
            "id": "static/media/roboto-latin-ext-400-normal.861b791f9de857a6e7bc.woff2",
            "key": "static/media/roboto-latin-ext-400-normal.861b791f9de857a6e7bc.woff2",
            "kms_key_id": null,
            "metadata": {},
            "object_lock_legal_hold_status": "",
            "object_lock_mode": "",
            "object_lock_retain_until_date": "",
            "server_side_encryption": "AES256",
            "source": "../build/static/media/roboto-latin-ext-400-normal.861b791f9de857a6e7bc.woff2",
            "source_hash": null,
            "storage_class": "STANDARD",
            "tags": {},
            "tags_all": {},
            "version_id": "",
            "website_redirect": ""
          },
          "sensitive_attributes": [],
          "private": "bnVsbA=="
        },
        {
          "index_key": "static/media/roboto-latin-ext-500-normal.9165081d10e1ba601384.woff2",
          "schema_version": 0,
          "attributes": {
            "acl": "private",
            "bucket": "test2.jazeee.com",
            "bucket_key_enabled": false,
            "cache_control": "",
            "content": null,
            "content_base64": null,
            "content_disposition": "",
            "content_encoding": "",
            "content_language": "",
            "content_type": "text/plain",
            "etag": "e36fccd06262bef92e7a9841e2202225",
            "force_destroy": false,
            "id": "static/media/roboto-latin-ext-500-normal.9165081d10e1ba601384.woff2",
            "key": "static/media/roboto-latin-ext-500-normal.9165081d10e1ba601384.woff2",
            "kms_key_id": null,
            "metadata": {},
            "object_lock_legal_hold_status": "",
            "object_lock_mode": "",
            "object_lock_retain_until_date": "",
            "server_side_encryption": "AES256",
            "source": "../build/static/media/roboto-latin-ext-500-normal.9165081d10e1ba601384.woff2",
            "source_hash": null,
            "storage_class": "STANDARD",
            "tags": {},
            "tags_all": {},
            "version_id": "",
            "website_redirect": ""
          },
          "sensitive_attributes": [],
          "private": "bnVsbA=="
        },
        {
          "index_key": "static/media/roboto-latin-ext-700-normal.ed67ad54b1a8f5d21150.woff2",
          "schema_version": 0,
          "attributes": {
            "acl": "private",
            "bucket": "test2.jazeee.com",
            "bucket_key_enabled": false,
            "cache_control": "",
            "content": null,
            "content_base64": null,
            "content_disposition": "",
            "content_encoding": "",
            "content_language": "",
            "content_type": "text/plain",
            "etag": "deb26e9b1a25438118e5d39d741ae6b6",
            "force_destroy": false,
            "id": "static/media/roboto-latin-ext-700-normal.ed67ad54b1a8f5d21150.woff2",
            "key": "static/media/roboto-latin-ext-700-normal.ed67ad54b1a8f5d21150.woff2",
            "kms_key_id": null,
            "metadata": {},
            "object_lock_legal_hold_status": "",
            "object_lock_mode": "",
            "object_lock_retain_until_date": "",
            "server_side_encryption": "AES256",
            "source": "../build/static/media/roboto-latin-ext-700-normal.ed67ad54b1a8f5d21150.woff2",
            "source_hash": null,
            "storage_class": "STANDARD",
            "tags": {},
            "tags_all": {},
            "version_id": "",
            "website_redirect": ""
          },
          "sensitive_attributes": [],
          "private": "bnVsbA=="
        },
        {
          "index_key": "static/media/roboto-vietnamese-300-normal.32fc45a3d1e8ea11fabc.woff2",
          "schema_version": 0,
          "attributes": {
            "acl": "private",
            "bucket": "test2.jazeee.com",
            "bucket_key_enabled": false,
            "cache_control": "",
            "content": null,
            "content_base64": null,
            "content_disposition": "",
            "content_encoding": "",
            "content_language": "",
            "content_type": "text/plain",
            "etag": "48c684d99330969e3ce90b9e9da2d698",
            "force_destroy": false,
            "id": "static/media/roboto-vietnamese-300-normal.32fc45a3d1e8ea11fabc.woff2",
            "key": "static/media/roboto-vietnamese-300-normal.32fc45a3d1e8ea11fabc.woff2",
            "kms_key_id": null,
            "metadata": {},
            "object_lock_legal_hold_status": "",
            "object_lock_mode": "",
            "object_lock_retain_until_date": "",
            "server_side_encryption": "AES256",
            "source": "../build/static/media/roboto-vietnamese-300-normal.32fc45a3d1e8ea11fabc.woff2",
            "source_hash": null,
            "storage_class": "STANDARD",
            "tags": {},
            "tags_all": {},
            "version_id": "",
            "website_redirect": ""
          },
          "sensitive_attributes": [],
          "private": "bnVsbA=="
        },
        {
          "index_key": "static/media/roboto-vietnamese-400-normal.3230f9b040f3c630e0c3.woff2",
          "schema_version": 0,
          "attributes": {
            "acl": "private",
            "bucket": "test2.jazeee.com",
            "bucket_key_enabled": false,
            "cache_control": "",
            "content": null,
            "content_base64": null,
            "content_disposition": "",
            "content_encoding": "",
            "content_language": "",
            "content_type": "text/plain",
            "etag": "ca3b09b62fda648a4511700413313fd0",
            "force_destroy": false,
            "id": "static/media/roboto-vietnamese-400-normal.3230f9b040f3c630e0c3.woff2",
            "key": "static/media/roboto-vietnamese-400-normal.3230f9b040f3c630e0c3.woff2",
            "kms_key_id": null,
            "metadata": {},
            "object_lock_legal_hold_status": "",
            "object_lock_mode": "",
            "object_lock_retain_until_date": "",
            "server_side_encryption": "AES256",
            "source": "../build/static/media/roboto-vietnamese-400-normal.3230f9b040f3c630e0c3.woff2",
            "source_hash": null,
            "storage_class": "STANDARD",
            "tags": {},
            "tags_all": {},
            "version_id": "",
            "website_redirect": ""
          },
          "sensitive_attributes": [],
          "private": "bnVsbA=="
        },
        {
          "index_key": "static/media/roboto-vietnamese-500-normal.d8642a3d1d4ef6179644.woff2",
          "schema_version": 0,
          "attributes": {
            "acl": "private",
            "bucket": "test2.jazeee.com",
            "bucket_key_enabled": false,
            "cache_control": "",
            "content": null,
            "content_base64": null,
            "content_disposition": "",
            "content_encoding": "",
            "content_language": "",
            "content_type": "text/plain",
            "etag": "7cda2cfee99d697daf8c14819d9004eb",
            "force_destroy": false,
            "id": "static/media/roboto-vietnamese-500-normal.d8642a3d1d4ef6179644.woff2",
            "key": "static/media/roboto-vietnamese-500-normal.d8642a3d1d4ef6179644.woff2",
            "kms_key_id": null,
            "metadata": {},
            "object_lock_legal_hold_status": "",
            "object_lock_mode": "",
            "object_lock_retain_until_date": "",
            "server_side_encryption": "AES256",
            "source": "../build/static/media/roboto-vietnamese-500-normal.d8642a3d1d4ef6179644.woff2",
            "source_hash": null,
            "storage_class": "STANDARD",
            "tags": {},
            "tags_all": {},
            "version_id": "",
            "website_redirect": ""
          },
          "sensitive_attributes": [],
          "private": "bnVsbA=="
        },
        {
          "index_key": "static/media/roboto-vietnamese-700-normal.3425a701027d0699e369.woff2",
          "schema_version": 0,
          "attributes": {
            "acl": "private",
            "bucket": "test2.jazeee.com",
            "bucket_key_enabled": false,
            "cache_control": "",
            "content": null,
            "content_base64": null,
            "content_disposition": "",
            "content_encoding": "",
            "content_language": "",
            "content_type": "text/plain",
            "etag": "cdaab83619fcacd4027a77c99dd51e69",
            "force_destroy": false,
            "id": "static/media/roboto-vietnamese-700-normal.3425a701027d0699e369.woff2",
            "key": "static/media/roboto-vietnamese-700-normal.3425a701027d0699e369.woff2",
            "kms_key_id": null,
            "metadata": {},
            "object_lock_legal_hold_status": "",
            "object_lock_mode": "",
            "object_lock_retain_until_date": "",
            "server_side_encryption": "AES256",
            "source": "../build/static/media/roboto-vietnamese-700-normal.3425a701027d0699e369.woff2",
            "source_hash": null,
            "storage_class": "STANDARD",
            "tags": {},
            "tags_all": {},
            "version_id": "",
            "website_redirect": ""
          },
          "sensitive_attributes": [],
          "private": "bnVsbA=="
        },
        {
          "index_key": "static/media/storybookExampleScreenShot.16d037c12a1475087dc7.png",
          "schema_version": 0,
          "attributes": {
            "acl": "private",
            "bucket": "test2.jazeee.com",
            "bucket_key_enabled": false,
            "cache_control": "",
            "content": null,
            "content_base64": null,
            "content_disposition": "",
            "content_encoding": "",
            "content_language": "",
            "content_type": "image/png",
            "etag": "474c6451c938a8f8c68ea80af98cf648",
            "force_destroy": false,
            "id": "static/media/storybookExampleScreenShot.16d037c12a1475087dc7.png",
            "key": "static/media/storybookExampleScreenShot.16d037c12a1475087dc7.png",
            "kms_key_id": null,
            "metadata": {},
            "object_lock_legal_hold_status": "",
            "object_lock_mode": "",
            "object_lock_retain_until_date": "",
            "server_side_encryption": "AES256",
            "source": "../build/static/media/storybookExampleScreenShot.16d037c12a1475087dc7.png",
            "source_hash": null,
            "storage_class": "STANDARD",
            "tags": {},
            "tags_all": {},
            "version_id": "",
            "website_redirect": ""
          },
          "sensitive_attributes": [],
          "private": "bnVsbA=="
        }
      ]
    }
  ],
  "check_results": null
}
